// !$*UTF8*$!
{
	archiveVersion = 1;
	classes = {
	};
	objectVersion = 46;
	objects = {

/* Begin PBXBuildFile section */
		2672227E1BCC2D450043EA1E /* PNYTestCase.m in Sources */ = {isa = PBXBuildFile; fileRef = B3D39D599519C52FDDA09EA6 /* PNYTestCase.m */; settings = {ASSET_TAGS = (); }; };
		268126DF1BCA781500728EFF /* PNYAppDelegate.m in Sources */ = {isa = PBXBuildFile; fileRef = 268126DE1BCA781500728EFF /* PNYAppDelegate.m */; };
		268797ED1BCA8FDF0050724B /* PNYTestDelegate.m in Sources */ = {isa = PBXBuildFile; fileRef = B3D39C072125E1E9E864A7CA /* PNYTestDelegate.m */; settings = {ASSET_TAGS = (); }; };
		26A10E6B1BCA806D00C63AD8 /* Assets.xcassets in Resources */ = {isa = PBXBuildFile; fileRef = 26A10E6A1BCA806D00C63AD8 /* Assets.xcassets */; settings = {ASSET_TAGS = (); }; };
		26A10E731BCA82AC00C63AD8 /* LaunchScreen.storyboard in Resources */ = {isa = PBXBuildFile; fileRef = 26A10E711BCA82AC00C63AD8 /* LaunchScreen.storyboard */; settings = {ASSET_TAGS = (); }; };
		26A10E741BCA82AC00C63AD8 /* Main.storyboard in Resources */ = {isa = PBXBuildFile; fileRef = 26A10E721BCA82AC00C63AD8 /* Main.storyboard */; settings = {ASSET_TAGS = (); }; };
		26A10E781BCA830800C63AD8 /* Localizable.strings in Resources */ = {isa = PBXBuildFile; fileRef = 26A10E7A1BCA830800C63AD8 /* Localizable.strings */; };
		B3D3902286B75DF12386E41C /* PNYErrorUtils.m in Sources */ = {isa = PBXBuildFile; fileRef = B3D39C0E7A9941EFFC30B786 /* PNYErrorUtils.m */; };
		B3D390A54750435BD3319095 /* PNYRestServiceImpl.m in Sources */ = {isa = PBXBuildFile; fileRef = B3D395F07109A88C4362C9F4 /* PNYRestServiceImpl.m */; };
		B3D39162FD5DF01A51EDEFCC /* PNYArtistDto.m in Sources */ = {isa = PBXBuildFile; fileRef = B3D39BAE619FFB4CF8E5E5B6 /* PNYArtistDto.m */; };
		B3D391E2CFA8C8BB100755FB /* PNYUserSettingsTests.m in Sources */ = {isa = PBXBuildFile; fileRef = B3D39B6C7ACB8CF3C2913096 /* PNYUserSettingsTests.m */; };
		B3D3926EFEA289477996E0BC /* PNYViewController.m in Sources */ = {isa = PBXBuildFile; fileRef = B3D39D47F9A73E3FA1DE02DD /* PNYViewController.m */; };
		B3D3929569A627186EA565F1 /* PNYCredentialsDto.m in Sources */ = {isa = PBXBuildFile; fileRef = B3D396942BCF3AE4E2FADAF6 /* PNYCredentialsDto.m */; };
		B3D3931D2E28D609946DCB2E /* PNYAbstractDto.m in Sources */ = {isa = PBXBuildFile; fileRef = B3D390E7C011934D8D3FFB51 /* PNYAbstractDto.m */; };
		B3D3931FE77742252EEFF483 /* PNYLogFormatter.m in Sources */ = {isa = PBXBuildFile; fileRef = B3D3917B32DD4FC934F11A8F /* PNYLogFormatter.m */; };
		B3D393D0E128DB4EFD1949ED /* PNYEvent.m in Sources */ = {isa = PBXBuildFile; fileRef = B3D39DFCD24FAA94DC21436A /* PNYEvent.m */; };
		B3D393F5FAF67041B527CD36 /* NSOrderedSet+PNYNSValue.m in Sources */ = {isa = PBXBuildFile; fileRef = B3D3990C5423562FEEE9FCFE /* NSOrderedSet+PNYNSValue.m */; };
		B3D3949B5F1688A30FFFBBCE /* main.m in Sources */ = {isa = PBXBuildFile; fileRef = B3D396B135DCC7B3776CF9DC /* main.m */; };
		B3D394ACDEE4428FECF890E9 /* PNYFileUtils.m in Sources */ = {isa = PBXBuildFile; fileRef = B3D390E01BCCE78D565E805C /* PNYFileUtils.m */; };
		B3D394CFE21DF27B0E70ED60 /* PNYRestRequestOperation.m in Sources */ = {isa = PBXBuildFile; fileRef = B3D39E565D2F1E2821D97D74 /* PNYRestRequestOperation.m */; };
		B3D394ECE385B3396C5C0EC0 /* PNYPersistentDictionaryImpl.m in Sources */ = {isa = PBXBuildFile; fileRef = B3D39C5FDCFE9928DFC486D3 /* PNYPersistentDictionaryImpl.m */; };
		B3D3950AA3BEC8949768F128 /* PNYTokenPairDaoImpl.m in Sources */ = {isa = PBXBuildFile; fileRef = B3D394E791F893472DB82FFC /* PNYTokenPairDaoImpl.m */; };
		B3D39525D542987E401F7C91 /* PNYPersistenceTests.m in Sources */ = {isa = PBXBuildFile; fileRef = B3D39C44F88B719A4C094195 /* PNYPersistenceTests.m */; };
		B3D395C67CF9E85900649DBA /* PNYKeychainDictionary.m in Sources */ = {isa = PBXBuildFile; fileRef = B3D39DA0A98E4CAC9BF9C012 /* PNYKeychainDictionary.m */; };
		B3D39602C1CABDD315453C2D /* PNYUserSettingsImpl.m in Sources */ = {isa = PBXBuildFile; fileRef = B3D394F7D20D1AB9C936A1F1 /* PNYUserSettingsImpl.m */; };
		B3D39619C3D114479685A568 /* PNYUrlUtils.m in Sources */ = {isa = PBXBuildFile; fileRef = B3D39DEEA0BB3E6C58BA30B6 /* PNYUrlUtils.m */; };
		B3D3965AEA13D4324151E635 /* PNYArtistAlbumsDto.m in Sources */ = {isa = PBXBuildFile; fileRef = B3D39A2C51BA3021FF06A858 /* PNYArtistAlbumsDto.m */; };
		B3D3966117014DD824574DAA /* PNYRestResponseSerializer.m in Sources */ = {isa = PBXBuildFile; fileRef = B3D39E012D5199AAB1966EC9 /* PNYRestResponseSerializer.m */; };
		B3D3970B04957A2769F21BED /* PNYSongDto.m in Sources */ = {isa = PBXBuildFile; fileRef = B3D3995600AE5CE23610B184 /* PNYSongDto.m */; };
		B3D397DE59BB8D0115C71378 /* PNYEventBus.m in Sources */ = {isa = PBXBuildFile; fileRef = B3D39ADB94847606F6097CA2 /* PNYEventBus.m */; };
		B3D397E63BDBCBC9A2C4EEAC /* PNYUserDto.m in Sources */ = {isa = PBXBuildFile; fileRef = B3D39CBEC04ACB7665C72B8B /* PNYUserDto.m */; };
		B3D398C01C78946833D5FD5A /* PNYAlbumDto.m in Sources */ = {isa = PBXBuildFile; fileRef = B3D39C3F3DBF2B4C5E5314B1 /* PNYAlbumDto.m */; };
		B3D3991D816EB45B25A8B3A2 /* PNYConfigTests.m in Sources */ = {isa = PBXBuildFile; fileRef = B3D394390A2656D6A75131F3 /* PNYConfigTests.m */; };
		B3D39A5FC3D1C90DDA1C35EF /* PNYGenreDto.m in Sources */ = {isa = PBXBuildFile; fileRef = B3D39645724712A53DD17270 /* PNYGenreDto.m */; };
		B3D39A69666F3997EDE92A3F /* NSMutableOrderedSet+PNYNSValue.m in Sources */ = {isa = PBXBuildFile; fileRef = B3D39761ED3DBEADA0EBDD83 /* NSMutableOrderedSet+PNYNSValue.m */; };
		B3D39ACD1871AF58ABDF6EAE /* DtoMappingTests.m in Sources */ = {isa = PBXBuildFile; fileRef = B3D39949E52EC71319545748 /* DtoMappingTests.m */; };
		B3D39AE060F5127626F3D05F /* PNYAuthenticationDto.m in Sources */ = {isa = PBXBuildFile; fileRef = B3D39DCB3A7DAB9E11F40B08 /* PNYAuthenticationDto.m */; };
		B3D39B135096C894EEF5D949 /* PNYConfigFactoryImpl.m in Sources */ = {isa = PBXBuildFile; fileRef = B3D39E88204B82C635B8805E /* PNYConfigFactoryImpl.m */; };
		B3D39B9B1E207F311B4E2A71 /* PNYRandomUtils.m in Sources */ = {isa = PBXBuildFile; fileRef = B3D393C6740A53B13D9A4243 /* PNYRandomUtils.m */; };
		B3D39BFA2E9F872C0A88FC75 /* PNYAlbumSongsDto.m in Sources */ = {isa = PBXBuildFile; fileRef = B3D3938FC91988B3DEF557D3 /* PNYAlbumSongsDto.m */; };
		B3D39C02E672D044451A7206 /* PNYEventBusTests.m in Sources */ = {isa = PBXBuildFile; fileRef = B3D39B27E9892D9B2CDBD66F /* PNYEventBusTests.m */; };
		B3D39C3436205E1B9DF072CD /* PNYConfigImpl.m in Sources */ = {isa = PBXBuildFile; fileRef = B3D39F2DF2AC670996725553 /* PNYConfigImpl.m */; };
		B3D39CB6A2ABBC0F469E6DC4 /* PNYTokenPair.m in Sources */ = {isa = PBXBuildFile; fileRef = B3D397A5BD83C072E52C3804 /* PNYTokenPair.m */; };
		B3D39D736A745C1D78BF4E8C /* PNYInstallationDto.m in Sources */ = {isa = PBXBuildFile; fileRef = B3D39D932971B10FF713DC4C /* PNYInstallationDto.m */; };
		B3D39D8FEBA810A64B1408C5 /* PNYResponseDto.m in Sources */ = {isa = PBXBuildFile; fileRef = B3D3913CC3DE978561D1E58C /* PNYResponseDto.m */; };
		B3D39FAA1CD20225F53D2E8B /* PNYErrorDto.m in Sources */ = {isa = PBXBuildFile; fileRef = B3D39F113A4FF3718432753E /* PNYErrorDto.m */; };
		B3D39FF22972BA59AEC4D92C /* PNYObjectUtils.m in Sources */ = {isa = PBXBuildFile; fileRef = B3D39E8374414C848F16E718 /* PNYObjectUtils.m */; };
		D10487192878F2BE639314E8 /* Pods.framework in Frameworks */ = {isa = PBXBuildFile; fileRef = BC5E96777CFC4B76271FF399 /* Pods.framework */; };
		F928D0E085F14C828FB621B3 /* Pods.framework in Frameworks */ = {isa = PBXBuildFile; fileRef = BC5E96777CFC4B76271FF399 /* Pods.framework */; };
/* End PBXBuildFile section */

/* Begin PBXContainerItemProxy section */
		268126F11BCA781500728EFF /* PBXContainerItemProxy */ = {
			isa = PBXContainerItemProxy;
			containerPortal = 268126CF1BCA781500728EFF /* Project object */;
			proxyType = 1;
			remoteGlobalIDString = 268126D61BCA781500728EFF;
			remoteInfo = Pony;
		};
/* End PBXContainerItemProxy section */

/* Begin PBXFileReference section */
		268126D71BCA781500728EFF /* Pony.app */ = {isa = PBXFileReference; explicitFileType = wrapper.application; includeInIndex = 0; path = Pony.app; sourceTree = BUILT_PRODUCTS_DIR; };
		268126DD1BCA781500728EFF /* PNYAppDelegate.h */ = {isa = PBXFileReference; lastKnownFileType = sourcecode.c.h; path = PNYAppDelegate.h; sourceTree = "<group>"; };
		268126DE1BCA781500728EFF /* PNYAppDelegate.m */ = {isa = PBXFileReference; lastKnownFileType = sourcecode.c.objc; path = PNYAppDelegate.m; sourceTree = "<group>"; };
		268126F01BCA781500728EFF /* PonyTests.xctest */ = {isa = PBXFileReference; explicitFileType = wrapper.cfbundle; includeInIndex = 0; path = PonyTests.xctest; sourceTree = BUILT_PRODUCTS_DIR; };
		26A10E6A1BCA806D00C63AD8 /* Assets.xcassets */ = {isa = PBXFileReference; lastKnownFileType = folder.assetcatalog; path = Assets.xcassets; sourceTree = "<group>"; };
		26A10E6C1BCA807F00C63AD8 /* Info.plist */ = {isa = PBXFileReference; lastKnownFileType = text.plist.xml; path = Info.plist; sourceTree = "<group>"; };
		26A10E6D1BCA80B200C63AD8 /* Info.plist */ = {isa = PBXFileReference; lastKnownFileType = text.plist.xml; path = Info.plist; sourceTree = "<group>"; };
		26A10E711BCA82AC00C63AD8 /* LaunchScreen.storyboard */ = {isa = PBXFileReference; fileEncoding = 4; lastKnownFileType = file.storyboard; path = LaunchScreen.storyboard; sourceTree = "<group>"; };
		26A10E721BCA82AC00C63AD8 /* Main.storyboard */ = {isa = PBXFileReference; fileEncoding = 4; lastKnownFileType = file.storyboard; path = Main.storyboard; sourceTree = "<group>"; };
		26A10E791BCA830800C63AD8 /* Base */ = {isa = PBXFileReference; lastKnownFileType = text.plist.strings; name = Base; path = Base.lproj/Localizable.strings; sourceTree = "<group>"; };
		B3D3902CA4ED7D40946D8765 /* PNYTestDelegate.h */ = {isa = PBXFileReference; fileEncoding = 4; lastKnownFileType = sourcecode.c.h; path = PNYTestDelegate.h; sourceTree = "<group>"; };
		B3D390E01BCCE78D565E805C /* PNYFileUtils.m */ = {isa = PBXFileReference; fileEncoding = 4; lastKnownFileType = sourcecode.c.objc; path = PNYFileUtils.m; sourceTree = "<group>"; };
		B3D390E7C011934D8D3FFB51 /* PNYAbstractDto.m */ = {isa = PBXFileReference; fileEncoding = 4; lastKnownFileType = sourcecode.c.objc; path = PNYAbstractDto.m; sourceTree = "<group>"; };
		B3D39120FDDF909790FC02ED /* PNYGenreDto.h */ = {isa = PBXFileReference; fileEncoding = 4; lastKnownFileType = sourcecode.c.h; path = PNYGenreDto.h; sourceTree = "<group>"; };
		B3D3913CC3DE978561D1E58C /* PNYResponseDto.m */ = {isa = PBXFileReference; fileEncoding = 4; lastKnownFileType = sourcecode.c.objc; path = PNYResponseDto.m; sourceTree = "<group>"; };
		B3D3917B32DD4FC934F11A8F /* PNYLogFormatter.m */ = {isa = PBXFileReference; fileEncoding = 4; lastKnownFileType = sourcecode.c.objc; path = PNYLogFormatter.m; sourceTree = "<group>"; };
		B3D391C9CD2C8F4AE2B13861 /* NSOrderedSet+PNYNSValue.h */ = {isa = PBXFileReference; fileEncoding = 4; lastKnownFileType = sourcecode.c.h; path = "NSOrderedSet+PNYNSValue.h"; sourceTree = "<group>"; };
		B3D391FBCD40EB1F47409605 /* PNYTokenPair.h */ = {isa = PBXFileReference; fileEncoding = 4; lastKnownFileType = sourcecode.c.h; path = PNYTokenPair.h; sourceTree = "<group>"; };
		B3D3923F576927FB4A4B0A2E /* PNYAlbumSongsDto.h */ = {isa = PBXFileReference; fileEncoding = 4; lastKnownFileType = sourcecode.c.h; path = PNYAlbumSongsDto.h; sourceTree = "<group>"; };
		B3D392B9914BE6B21650C1DA /* PNYUrlUtils.h */ = {isa = PBXFileReference; fileEncoding = 4; lastKnownFileType = sourcecode.c.h; path = PNYUrlUtils.h; sourceTree = "<group>"; };
		B3D392D23D3D6B301653E472 /* PNYAuthenticationDto.h */ = {isa = PBXFileReference; fileEncoding = 4; lastKnownFileType = sourcecode.c.h; path = PNYAuthenticationDto.h; sourceTree = "<group>"; };
		B3D3930FBAA697968C05AB29 /* PNYKeychainDictionary.h */ = {isa = PBXFileReference; fileEncoding = 4; lastKnownFileType = sourcecode.c.h; path = PNYKeychainDictionary.h; sourceTree = "<group>"; };
		B3D3937ACFBC5848C0666C06 /* PNYUserDto.h */ = {isa = PBXFileReference; fileEncoding = 4; lastKnownFileType = sourcecode.c.h; path = PNYUserDto.h; sourceTree = "<group>"; };
		B3D3938FC91988B3DEF557D3 /* PNYAlbumSongsDto.m */ = {isa = PBXFileReference; fileEncoding = 4; lastKnownFileType = sourcecode.c.objc; path = PNYAlbumSongsDto.m; sourceTree = "<group>"; };
		B3D393C6740A53B13D9A4243 /* PNYRandomUtils.m */ = {isa = PBXFileReference; fileEncoding = 4; lastKnownFileType = sourcecode.c.objc; path = PNYRandomUtils.m; sourceTree = "<group>"; };
		B3D394209B75F0CB2AE5A887 /* PNYConfig.h */ = {isa = PBXFileReference; fileEncoding = 4; lastKnownFileType = sourcecode.c.h; path = PNYConfig.h; sourceTree = "<group>"; };
		B3D394390A2656D6A75131F3 /* PNYConfigTests.m */ = {isa = PBXFileReference; fileEncoding = 4; lastKnownFileType = sourcecode.c.objc; path = PNYConfigTests.m; sourceTree = "<group>"; };
		B3D3944FC134A66B6F70C849 /* PNYLogFormatter.h */ = {isa = PBXFileReference; fileEncoding = 4; lastKnownFileType = sourcecode.c.h; path = PNYLogFormatter.h; sourceTree = "<group>"; };
		B3D394B5E333CBAA50FD8B3A /* PNYResponseDto.h */ = {isa = PBXFileReference; fileEncoding = 4; lastKnownFileType = sourcecode.c.h; path = PNYResponseDto.h; sourceTree = "<group>"; };
		B3D394E791F893472DB82FFC /* PNYTokenPairDaoImpl.m */ = {isa = PBXFileReference; fileEncoding = 4; lastKnownFileType = sourcecode.c.objc; path = PNYTokenPairDaoImpl.m; sourceTree = "<group>"; };
		B3D394F7D20D1AB9C936A1F1 /* PNYUserSettingsImpl.m */ = {isa = PBXFileReference; fileEncoding = 4; lastKnownFileType = sourcecode.c.objc; path = PNYUserSettingsImpl.m; sourceTree = "<group>"; };
		B3D39510C765D9DDF84BD112 /* PNYCredentialsDto.h */ = {isa = PBXFileReference; fileEncoding = 4; lastKnownFileType = sourcecode.c.h; path = PNYCredentialsDto.h; sourceTree = "<group>"; };
		B3D3954FADD3D3E7CC1CC91B /* PNYTokenPairDaoImpl.h */ = {isa = PBXFileReference; fileEncoding = 4; lastKnownFileType = sourcecode.c.h; path = PNYTokenPairDaoImpl.h; sourceTree = "<group>"; };
		B3D3954FC059A034D092FE4A /* NSMutableOrderedSet+PNYNSValue.h */ = {isa = PBXFileReference; fileEncoding = 4; lastKnownFileType = sourcecode.c.h; path = "NSMutableOrderedSet+PNYNSValue.h"; sourceTree = "<group>"; };
		B3D395F07109A88C4362C9F4 /* PNYRestServiceImpl.m */ = {isa = PBXFileReference; fileEncoding = 4; lastKnownFileType = sourcecode.c.objc; path = PNYRestServiceImpl.m; sourceTree = "<group>"; };
		B3D396358D3E2070A4C68830 /* PNYFileUtils.h */ = {isa = PBXFileReference; fileEncoding = 4; lastKnownFileType = sourcecode.c.h; path = PNYFileUtils.h; sourceTree = "<group>"; };
		B3D39645724712A53DD17270 /* PNYGenreDto.m */ = {isa = PBXFileReference; fileEncoding = 4; lastKnownFileType = sourcecode.c.objc; path = PNYGenreDto.m; sourceTree = "<group>"; };
		B3D3967460C6628E9494BDDF /* PNYErrorDto.h */ = {isa = PBXFileReference; fileEncoding = 4; lastKnownFileType = sourcecode.c.h; path = PNYErrorDto.h; sourceTree = "<group>"; };
		B3D396942BCF3AE4E2FADAF6 /* PNYCredentialsDto.m */ = {isa = PBXFileReference; fileEncoding = 4; lastKnownFileType = sourcecode.c.objc; path = PNYCredentialsDto.m; sourceTree = "<group>"; };
		B3D396B135DCC7B3776CF9DC /* main.m */ = {isa = PBXFileReference; fileEncoding = 4; lastKnownFileType = sourcecode.c.objc; path = main.m; sourceTree = "<group>"; };
		B3D396CFEE3641F59F70ECCE /* PNYConfigFactoryImpl.h */ = {isa = PBXFileReference; fileEncoding = 4; lastKnownFileType = sourcecode.c.h; path = PNYConfigFactoryImpl.h; sourceTree = "<group>"; };
		B3D396F10BA4E406DAD3C29F /* PNYConfigFactory.h */ = {isa = PBXFileReference; fileEncoding = 4; lastKnownFileType = sourcecode.c.h; path = PNYConfigFactory.h; sourceTree = "<group>"; };
		B3D39712F2E561301A479EB0 /* PNYTestPrefix.pch */ = {isa = PBXFileReference; fileEncoding = 4; lastKnownFileType = sourcecode.c.h; path = PNYTestPrefix.pch; sourceTree = "<group>"; };
		B3D39761ED3DBEADA0EBDD83 /* NSMutableOrderedSet+PNYNSValue.m */ = {isa = PBXFileReference; fileEncoding = 4; lastKnownFileType = sourcecode.c.objc; path = "NSMutableOrderedSet+PNYNSValue.m"; sourceTree = "<group>"; };
		B3D3976E7FB49650A4172719 /* PNYArtistDto.h */ = {isa = PBXFileReference; fileEncoding = 4; lastKnownFileType = sourcecode.c.h; path = PNYArtistDto.h; sourceTree = "<group>"; };
		B3D397804D6A323876FFD58F /* PNYConfigImpl.h */ = {isa = PBXFileReference; fileEncoding = 4; lastKnownFileType = sourcecode.c.h; path = PNYConfigImpl.h; sourceTree = "<group>"; };
		B3D397A5BD83C072E52C3804 /* PNYTokenPair.m */ = {isa = PBXFileReference; fileEncoding = 4; lastKnownFileType = sourcecode.c.objc; path = PNYTokenPair.m; sourceTree = "<group>"; };
		B3D397B25E6422A0FD46AA88 /* PNYUserSettingsKeys.h */ = {isa = PBXFileReference; fileEncoding = 4; lastKnownFileType = sourcecode.c.h; path = PNYUserSettingsKeys.h; sourceTree = "<group>"; };
		B3D397D7E2ABCDE6BF71B0F7 /* PNYObjectUtils.h */ = {isa = PBXFileReference; fileEncoding = 4; lastKnownFileType = sourcecode.c.h; path = PNYObjectUtils.h; sourceTree = "<group>"; };
		B3D397FB46E2C9E7AB39B9AC /* PNYUserSettingsImpl.h */ = {isa = PBXFileReference; fileEncoding = 4; lastKnownFileType = sourcecode.c.h; path = PNYUserSettingsImpl.h; sourceTree = "<group>"; };
		B3D398180C62FD23BB66EB69 /* PNYSongDto.h */ = {isa = PBXFileReference; fileEncoding = 4; lastKnownFileType = sourcecode.c.h; path = PNYSongDto.h; sourceTree = "<group>"; };
		B3D3983C31DEF0E0EBF67386 /* PNYRestRequest.h */ = {isa = PBXFileReference; fileEncoding = 4; lastKnownFileType = sourcecode.c.h; path = PNYRestRequest.h; sourceTree = "<group>"; };
		B3D3990C5423562FEEE9FCFE /* NSOrderedSet+PNYNSValue.m */ = {isa = PBXFileReference; fileEncoding = 4; lastKnownFileType = sourcecode.c.objc; path = "NSOrderedSet+PNYNSValue.m"; sourceTree = "<group>"; };
		B3D39949E52EC71319545748 /* DtoMappingTests.m */ = {isa = PBXFileReference; fileEncoding = 4; lastKnownFileType = sourcecode.c.objc; path = DtoMappingTests.m; sourceTree = "<group>"; };
		B3D3995600AE5CE23610B184 /* PNYSongDto.m */ = {isa = PBXFileReference; fileEncoding = 4; lastKnownFileType = sourcecode.c.objc; path = PNYSongDto.m; sourceTree = "<group>"; };
		B3D399CB0BCFEB3C2AAC742D /* PNYRestRequestOperation.h */ = {isa = PBXFileReference; fileEncoding = 4; lastKnownFileType = sourcecode.c.h; path = PNYRestRequestOperation.h; sourceTree = "<group>"; };
		B3D39A2C51BA3021FF06A858 /* PNYArtistAlbumsDto.m */ = {isa = PBXFileReference; fileEncoding = 4; lastKnownFileType = sourcecode.c.objc; path = PNYArtistAlbumsDto.m; sourceTree = "<group>"; };
		B3D39AC908FBC287E5F87F39 /* PNYErrorUtils.h */ = {isa = PBXFileReference; fileEncoding = 4; lastKnownFileType = sourcecode.c.h; path = PNYErrorUtils.h; sourceTree = "<group>"; };
		B3D39ADB94847606F6097CA2 /* PNYEventBus.m */ = {isa = PBXFileReference; fileEncoding = 4; lastKnownFileType = sourcecode.c.objc; path = PNYEventBus.m; sourceTree = "<group>"; };
		B3D39AFC163ABC4CBA0B2E05 /* PNYInstallationDto.h */ = {isa = PBXFileReference; fileEncoding = 4; lastKnownFileType = sourcecode.c.h; path = PNYInstallationDto.h; sourceTree = "<group>"; };
		B3D39B27E9892D9B2CDBD66F /* PNYEventBusTests.m */ = {isa = PBXFileReference; fileEncoding = 4; lastKnownFileType = sourcecode.c.objc; path = PNYEventBusTests.m; sourceTree = "<group>"; };
		B3D39B6C7ACB8CF3C2913096 /* PNYUserSettingsTests.m */ = {isa = PBXFileReference; fileEncoding = 4; lastKnownFileType = sourcecode.c.objc; path = PNYUserSettingsTests.m; sourceTree = "<group>"; };
		B3D39B7BBD035AF54C860D0C /* PNYPersistentDictionaryImpl.h */ = {isa = PBXFileReference; fileEncoding = 4; lastKnownFileType = sourcecode.c.h; path = PNYPersistentDictionaryImpl.h; sourceTree = "<group>"; };
		B3D39B840F48F930040DB292 /* PNYAlbumDto.h */ = {isa = PBXFileReference; fileEncoding = 4; lastKnownFileType = sourcecode.c.h; path = PNYAlbumDto.h; sourceTree = "<group>"; };
		B3D39BAE619FFB4CF8E5E5B6 /* PNYArtistDto.m */ = {isa = PBXFileReference; fileEncoding = 4; lastKnownFileType = sourcecode.c.objc; path = PNYArtistDto.m; sourceTree = "<group>"; };
		B3D39C072125E1E9E864A7CA /* PNYTestDelegate.m */ = {isa = PBXFileReference; fileEncoding = 4; lastKnownFileType = sourcecode.c.objc; path = PNYTestDelegate.m; sourceTree = "<group>"; };
		B3D39C0E7A9941EFFC30B786 /* PNYErrorUtils.m */ = {isa = PBXFileReference; fileEncoding = 4; lastKnownFileType = sourcecode.c.objc; path = PNYErrorUtils.m; sourceTree = "<group>"; };
		B3D39C3F3DBF2B4C5E5314B1 /* PNYAlbumDto.m */ = {isa = PBXFileReference; fileEncoding = 4; lastKnownFileType = sourcecode.c.objc; path = PNYAlbumDto.m; sourceTree = "<group>"; };
		B3D39C44F88B719A4C094195 /* PNYPersistenceTests.m */ = {isa = PBXFileReference; fileEncoding = 4; lastKnownFileType = sourcecode.c.objc; path = PNYPersistenceTests.m; sourceTree = "<group>"; };
		B3D39C46280391F871AF8AC5 /* PNYEventBus.h */ = {isa = PBXFileReference; fileEncoding = 4; lastKnownFileType = sourcecode.c.h; path = PNYEventBus.h; sourceTree = "<group>"; };
		B3D39C5FDCFE9928DFC486D3 /* PNYPersistentDictionaryImpl.m */ = {isa = PBXFileReference; fileEncoding = 4; lastKnownFileType = sourcecode.c.objc; path = PNYPersistentDictionaryImpl.m; sourceTree = "<group>"; };
		B3D39CBEC04ACB7665C72B8B /* PNYUserDto.m */ = {isa = PBXFileReference; fileEncoding = 4; lastKnownFileType = sourcecode.c.objc; path = PNYUserDto.m; sourceTree = "<group>"; };
		B3D39D1A20E5292BFA617B46 /* PNYAbstractDto.h */ = {isa = PBXFileReference; fileEncoding = 4; lastKnownFileType = sourcecode.c.h; path = PNYAbstractDto.h; sourceTree = "<group>"; };
		B3D39D332FB4E5A8F27951AA /* PNYUserSettings.h */ = {isa = PBXFileReference; fileEncoding = 4; lastKnownFileType = sourcecode.c.h; path = PNYUserSettings.h; sourceTree = "<group>"; };
		B3D39D333640215BF19662E8 /* PNYTokenPairDao.h */ = {isa = PBXFileReference; fileEncoding = 4; lastKnownFileType = sourcecode.c.h; path = PNYTokenPairDao.h; sourceTree = "<group>"; };
		B3D39D47F9A73E3FA1DE02DD /* PNYViewController.m */ = {isa = PBXFileReference; fileEncoding = 4; lastKnownFileType = sourcecode.c.objc; path = PNYViewController.m; sourceTree = "<group>"; };
		B3D39D599519C52FDDA09EA6 /* PNYTestCase.m */ = {isa = PBXFileReference; fileEncoding = 4; lastKnownFileType = sourcecode.c.objc; path = PNYTestCase.m; sourceTree = "<group>"; };
		B3D39D932971B10FF713DC4C /* PNYInstallationDto.m */ = {isa = PBXFileReference; fileEncoding = 4; lastKnownFileType = sourcecode.c.objc; path = PNYInstallationDto.m; sourceTree = "<group>"; };
		B3D39DA0A98E4CAC9BF9C012 /* PNYKeychainDictionary.m */ = {isa = PBXFileReference; fileEncoding = 4; lastKnownFileType = sourcecode.c.objc; path = PNYKeychainDictionary.m; sourceTree = "<group>"; };
		B3D39DBFC193CDBE0028A17A /* PNYRestServiceImpl.h */ = {isa = PBXFileReference; fileEncoding = 4; lastKnownFileType = sourcecode.c.h; path = PNYRestServiceImpl.h; sourceTree = "<group>"; };
		B3D39DCB3A7DAB9E11F40B08 /* PNYAuthenticationDto.m */ = {isa = PBXFileReference; fileEncoding = 4; lastKnownFileType = sourcecode.c.objc; path = PNYAuthenticationDto.m; sourceTree = "<group>"; };
		B3D39DEEA0BB3E6C58BA30B6 /* PNYUrlUtils.m */ = {isa = PBXFileReference; fileEncoding = 4; lastKnownFileType = sourcecode.c.objc; path = PNYUrlUtils.m; sourceTree = "<group>"; };
		B3D39DFCD24FAA94DC21436A /* PNYEvent.m */ = {isa = PBXFileReference; fileEncoding = 4; lastKnownFileType = sourcecode.c.objc; path = PNYEvent.m; sourceTree = "<group>"; };
		B3D39E012D5199AAB1966EC9 /* PNYRestResponseSerializer.m */ = {isa = PBXFileReference; fileEncoding = 4; lastKnownFileType = sourcecode.c.objc; path = PNYRestResponseSerializer.m; sourceTree = "<group>"; };
		B3D39E109AE1D7063F7A838F /* PNYArtistAlbumsDto.h */ = {isa = PBXFileReference; fileEncoding = 4; lastKnownFileType = sourcecode.c.h; path = PNYArtistAlbumsDto.h; sourceTree = "<group>"; };
		B3D39E409C0690922D7570B4 /* PNYEvent.h */ = {isa = PBXFileReference; fileEncoding = 4; lastKnownFileType = sourcecode.c.h; path = PNYEvent.h; sourceTree = "<group>"; };
		B3D39E565D2F1E2821D97D74 /* PNYRestRequestOperation.m */ = {isa = PBXFileReference; fileEncoding = 4; lastKnownFileType = sourcecode.c.objc; path = PNYRestRequestOperation.m; sourceTree = "<group>"; };
		B3D39E8374414C848F16E718 /* PNYObjectUtils.m */ = {isa = PBXFileReference; fileEncoding = 4; lastKnownFileType = sourcecode.c.objc; path = PNYObjectUtils.m; sourceTree = "<group>"; };
		B3D39E88204B82C635B8805E /* PNYConfigFactoryImpl.m */ = {isa = PBXFileReference; fileEncoding = 4; lastKnownFileType = sourcecode.c.objc; path = PNYConfigFactoryImpl.m; sourceTree = "<group>"; };
		B3D39E976BF72F88852899BB /* PNYRestService.h */ = {isa = PBXFileReference; fileEncoding = 4; lastKnownFileType = sourcecode.c.h; path = PNYRestService.h; sourceTree = "<group>"; };
		B3D39E9BFA75C5FF5B9C8C10 /* PNYRestResponseSerializer.h */ = {isa = PBXFileReference; fileEncoding = 4; lastKnownFileType = sourcecode.c.h; path = PNYRestResponseSerializer.h; sourceTree = "<group>"; };
		B3D39EBA42B8FCD5362C67A2 /* PNYPersistentDictionary.h */ = {isa = PBXFileReference; fileEncoding = 4; lastKnownFileType = sourcecode.c.h; path = PNYPersistentDictionary.h; sourceTree = "<group>"; };
		B3D39ECF099A49159AEA672C /* PNYMacros.h */ = {isa = PBXFileReference; fileEncoding = 4; lastKnownFileType = sourcecode.c.h; path = PNYMacros.h; sourceTree = "<group>"; };
		B3D39EFD29A7F35E537D821E /* PNYTestCase.h */ = {isa = PBXFileReference; fileEncoding = 4; lastKnownFileType = sourcecode.c.h; path = PNYTestCase.h; sourceTree = "<group>"; };
		B3D39F113A4FF3718432753E /* PNYErrorDto.m */ = {isa = PBXFileReference; fileEncoding = 4; lastKnownFileType = sourcecode.c.objc; path = PNYErrorDto.m; sourceTree = "<group>"; };
		B3D39F2DF2AC670996725553 /* PNYConfigImpl.m */ = {isa = PBXFileReference; fileEncoding = 4; lastKnownFileType = sourcecode.c.objc; path = PNYConfigImpl.m; sourceTree = "<group>"; };
		B3D39F2EFFF5E1BC8985602F /* PNYRandomUtils.h */ = {isa = PBXFileReference; fileEncoding = 4; lastKnownFileType = sourcecode.c.h; path = PNYRandomUtils.h; sourceTree = "<group>"; };
		B3D39F419FA74F77D4E37E83 /* PNYViewController.h */ = {isa = PBXFileReference; fileEncoding = 4; lastKnownFileType = sourcecode.c.h; path = PNYViewController.h; sourceTree = "<group>"; };
		B3D39F62CD510A6792FD34EE /* PNYRestTokens.h */ = {isa = PBXFileReference; fileEncoding = 4; lastKnownFileType = sourcecode.c.h; path = PNYRestTokens.h; sourceTree = "<group>"; };
		B3D39F9037CF0E65542335D4 /* PNYPrefix.pch */ = {isa = PBXFileReference; fileEncoding = 4; lastKnownFileType = sourcecode.c.h; path = PNYPrefix.pch; sourceTree = "<group>"; };
		BC5E96777CFC4B76271FF399 /* Pods.framework */ = {isa = PBXFileReference; explicitFileType = wrapper.framework; includeInIndex = 0; path = Pods.framework; sourceTree = BUILT_PRODUCTS_DIR; };
		BF6D0B713C0E6822FC01735C /* Pods.release.xcconfig */ = {isa = PBXFileReference; includeInIndex = 1; lastKnownFileType = text.xcconfig; name = Pods.release.xcconfig; path = "Pods/Target Support Files/Pods/Pods.release.xcconfig"; sourceTree = "<group>"; };
		D42DC7A592ECA225D2F4E176 /* Pods.debug.xcconfig */ = {isa = PBXFileReference; includeInIndex = 1; lastKnownFileType = text.xcconfig; name = Pods.debug.xcconfig; path = "Pods/Target Support Files/Pods/Pods.debug.xcconfig"; sourceTree = "<group>"; };
/* End PBXFileReference section */

/* Begin PBXFrameworksBuildPhase section */
		268126D41BCA781500728EFF /* Frameworks */ = {
			isa = PBXFrameworksBuildPhase;
			buildActionMask = 2147483647;
			files = (
				D10487192878F2BE639314E8 /* Pods.framework in Frameworks */,
			);
			runOnlyForDeploymentPostprocessing = 0;
		};
		268126ED1BCA781500728EFF /* Frameworks */ = {
			isa = PBXFrameworksBuildPhase;
			buildActionMask = 2147483647;
			files = (
				F928D0E085F14C828FB621B3 /* Pods.framework in Frameworks */,
			);
			runOnlyForDeploymentPostprocessing = 0;
		};
/* End PBXFrameworksBuildPhase section */

/* Begin PBXGroup section */
		268126CE1BCA781500728EFF = {
			isa = PBXGroup;
			children = (
				268126D91BCA781500728EFF /* Pony */,
				268126F31BCA781500728EFF /* PonyTests */,
				E5151A5FD2C275E98F13B308 /* Pods */,
				6F2C5259AC1A5F0BB7500742 /* Frameworks */,
				268126D81BCA781500728EFF /* Products */,
			);
			sourceTree = "<group>";
		};
		268126D81BCA781500728EFF /* Products */ = {
			isa = PBXGroup;
			children = (
				268126D71BCA781500728EFF /* Pony.app */,
				268126F01BCA781500728EFF /* PonyTests.xctest */,
			);
			name = Products;
			sourceTree = "<group>";
		};
		268126D91BCA781500728EFF /* Pony */ = {
			isa = PBXGroup;
			children = (
				B3D392F3E4F9480C6A4E0E57 /* Common */,
				B3D391B398A6D54ABCCA845C /* Resources */,
				B3D3901B4791EB838CF953AF /* UI */,
				B3D396B135DCC7B3776CF9DC /* main.m */,
				268126DD1BCA781500728EFF /* PNYAppDelegate.h */,
				268126DE1BCA781500728EFF /* PNYAppDelegate.m */,
				B3D39F9037CF0E65542335D4 /* PNYPrefix.pch */,
				B3D3977190A30DFB5D7757CC /* Model */,
				B3D395BD825BDB9CE67D09C7 /* Services */,
			);
			path = Pony;
			sourceTree = "<group>";
		};
		268126F31BCA781500728EFF /* PonyTests */ = {
			isa = PBXGroup;
			children = (
				B3D390F4F45430CC988EF10C /* Common */,
				B3D39EF7CE61550B7430B921 /* Resources */,
				B3D39EFD29A7F35E537D821E /* PNYTestCase.h */,
				B3D39D599519C52FDDA09EA6 /* PNYTestCase.m */,
				B3D3902CA4ED7D40946D8765 /* PNYTestDelegate.h */,
				B3D39C072125E1E9E864A7CA /* PNYTestDelegate.m */,
				B3D39712F2E561301A479EB0 /* PNYTestPrefix.pch */,
				B3D39EDDBA26258F1A085110 /* Model */,
			);
			path = PonyTests;
			sourceTree = "<group>";
		};
		26A10E701BCA82AC00C63AD8 /* Storyboards */ = {
			isa = PBXGroup;
			children = (
				26A10E711BCA82AC00C63AD8 /* LaunchScreen.storyboard */,
				26A10E721BCA82AC00C63AD8 /* Main.storyboard */,
			);
			path = Storyboards;
			sourceTree = "<group>";
		};
		26A10E751BCA82FD00C63AD8 /* Localization */ = {
			isa = PBXGroup;
			children = (
				26A10E7A1BCA830800C63AD8 /* Localizable.strings */,
			);
			path = Localization;
			sourceTree = "<group>";
		};
		6F2C5259AC1A5F0BB7500742 /* Frameworks */ = {
			isa = PBXGroup;
			children = (
				BC5E96777CFC4B76271FF399 /* Pods.framework */,
			);
			name = Frameworks;
			sourceTree = "<group>";
		};
		B3D3901B4791EB838CF953AF /* UI */ = {
			isa = PBXGroup;
			children = (
				B3D39F419FA74F77D4E37E83 /* PNYViewController.h */,
				B3D39D47F9A73E3FA1DE02DD /* PNYViewController.m */,
			);
			path = UI;
			sourceTree = "<group>";
		};
		B3D39020ED3364726090209A /* Rest */ = {
			isa = PBXGroup;
			children = (
				B3D399CB0BCFEB3C2AAC742D /* PNYRestRequestOperation.h */,
				B3D39E976BF72F88852899BB /* PNYRestService.h */,
				B3D3983C31DEF0E0EBF67386 /* PNYRestRequest.h */,
				B3D39E565D2F1E2821D97D74 /* PNYRestRequestOperation.m */,
				B3D395F07109A88C4362C9F4 /* PNYRestServiceImpl.m */,
				B3D39DBFC193CDBE0028A17A /* PNYRestServiceImpl.h */,
				B3D39E012D5199AAB1966EC9 /* PNYRestResponseSerializer.m */,
				B3D39E9BFA75C5FF5B9C8C10 /* PNYRestResponseSerializer.h */,
				B3D39F62CD510A6792FD34EE /* PNYRestTokens.h */,
			);
			path = Rest;
			sourceTree = "<group>";
		};
		B3D390F4F45430CC988EF10C /* Common */ = {
			isa = PBXGroup;
			children = (
				B3D394390A2656D6A75131F3 /* PNYConfigTests.m */,
				B3D39B27E9892D9B2CDBD66F /* PNYEventBusTests.m */,
				B3D39C44F88B719A4C094195 /* PNYPersistenceTests.m */,
				B3D39B6C7ACB8CF3C2913096 /* PNYUserSettingsTests.m */,
			);
			path = Common;
			sourceTree = "<group>";
		};
		B3D391B398A6D54ABCCA845C /* Resources */ = {
			isa = PBXGroup;
			children = (
				26A10E751BCA82FD00C63AD8 /* Localization */,
				26A10E701BCA82AC00C63AD8 /* Storyboards */,
				26A10E6A1BCA806D00C63AD8 /* Assets.xcassets */,
				26A10E6C1BCA807F00C63AD8 /* Info.plist */,
			);
			path = Resources;
			sourceTree = "<group>";
		};
		B3D392F3E4F9480C6A4E0E57 /* Common */ = {
			isa = PBXGroup;
			children = (
				B3D397BAB370104ABB1C4170 /* Config */,
				B3D39E94328F5BA87536221C /* EventBus */,
				B3D39A60C41929F8762F4524 /* Logging */,
				B3D39BCA4C873EBB3971BE58 /* Persistence */,
				B3D3938AB8882B54FBC8BD85 /* UserSettings */,
				B3D3954F1645ECF00AA7E2A8 /* Utility */,
			);
			path = Common;
			sourceTree = "<group>";
		};
		B3D3938AB8882B54FBC8BD85 /* UserSettings */ = {
			isa = PBXGroup;
			children = (
				B3D39D332FB4E5A8F27951AA /* PNYUserSettings.h */,
				B3D397FB46E2C9E7AB39B9AC /* PNYUserSettingsImpl.h */,
				B3D394F7D20D1AB9C936A1F1 /* PNYUserSettingsImpl.m */,
			);
			path = UserSettings;
			sourceTree = "<group>";
		};
		B3D3954F1645ECF00AA7E2A8 /* Utility */ = {
			isa = PBXGroup;
			children = (
				B3D3954FC059A034D092FE4A /* NSMutableOrderedSet+PNYNSValue.h */,
				B3D39761ED3DBEADA0EBDD83 /* NSMutableOrderedSet+PNYNSValue.m */,
				B3D391C9CD2C8F4AE2B13861 /* NSOrderedSet+PNYNSValue.h */,
				B3D3990C5423562FEEE9FCFE /* NSOrderedSet+PNYNSValue.m */,
				B3D396358D3E2070A4C68830 /* PNYFileUtils.h */,
				B3D390E01BCCE78D565E805C /* PNYFileUtils.m */,
				B3D39ECF099A49159AEA672C /* PNYMacros.h */,
				B3D39F2EFFF5E1BC8985602F /* PNYRandomUtils.h */,
				B3D393C6740A53B13D9A4243 /* PNYRandomUtils.m */,
				B3D39E8374414C848F16E718 /* PNYObjectUtils.m */,
				B3D397D7E2ABCDE6BF71B0F7 /* PNYObjectUtils.h */,
				B3D39DEEA0BB3E6C58BA30B6 /* PNYUrlUtils.m */,
				B3D392B9914BE6B21650C1DA /* PNYUrlUtils.h */,
				B3D39C0E7A9941EFFC30B786 /* PNYErrorUtils.m */,
				B3D39AC908FBC287E5F87F39 /* PNYErrorUtils.h */,
			);
			path = Utility;
			sourceTree = "<group>";
		};
		B3D395BD825BDB9CE67D09C7 /* Services */ = {
			isa = PBXGroup;
			children = (
				B3D39D333640215BF19662E8 /* PNYTokenPairDao.h */,
				B3D394E791F893472DB82FFC /* PNYTokenPairDaoImpl.m */,
				B3D3954FADD3D3E7CC1CC91B /* PNYTokenPairDaoImpl.h */,
				B3D39020ED3364726090209A /* Rest */,
			);
			path = Services;
			sourceTree = "<group>";
		};
		B3D397595F13977268CED296 /* Rest */ = {
			isa = PBXGroup;
			children = (
				B3D3937ACFBC5848C0666C06 /* PNYUserDto.h */,
				B3D39E109AE1D7063F7A838F /* PNYArtistAlbumsDto.h */,
				B3D3967460C6628E9494BDDF /* PNYErrorDto.h */,
				B3D3995600AE5CE23610B184 /* PNYSongDto.m */,
				B3D39C3F3DBF2B4C5E5314B1 /* PNYAlbumDto.m */,
				B3D3923F576927FB4A4B0A2E /* PNYAlbumSongsDto.h */,
				B3D3913CC3DE978561D1E58C /* PNYResponseDto.m */,
				B3D39CBEC04ACB7665C72B8B /* PNYUserDto.m */,
				B3D39BAE619FFB4CF8E5E5B6 /* PNYArtistDto.m */,
				B3D39510C765D9DDF84BD112 /* PNYCredentialsDto.h */,
				B3D394B5E333CBAA50FD8B3A /* PNYResponseDto.h */,
				B3D398180C62FD23BB66EB69 /* PNYSongDto.h */,
				B3D39A2C51BA3021FF06A858 /* PNYArtistAlbumsDto.m */,
				B3D392D23D3D6B301653E472 /* PNYAuthenticationDto.h */,
				B3D396942BCF3AE4E2FADAF6 /* PNYCredentialsDto.m */,
				B3D3938FC91988B3DEF557D3 /* PNYAlbumSongsDto.m */,
				B3D39D932971B10FF713DC4C /* PNYInstallationDto.m */,
				B3D39D1A20E5292BFA617B46 /* PNYAbstractDto.h */,
				B3D39F113A4FF3718432753E /* PNYErrorDto.m */,
				B3D3976E7FB49650A4172719 /* PNYArtistDto.h */,
				B3D39120FDDF909790FC02ED /* PNYGenreDto.h */,
				B3D39DCB3A7DAB9E11F40B08 /* PNYAuthenticationDto.m */,
				B3D390E7C011934D8D3FFB51 /* PNYAbstractDto.m */,
				B3D39B840F48F930040DB292 /* PNYAlbumDto.h */,
				B3D39645724712A53DD17270 /* PNYGenreDto.m */,
				B3D39AFC163ABC4CBA0B2E05 /* PNYInstallationDto.h */,
			);
			path = Rest;
			sourceTree = "<group>";
		};
		B3D3977190A30DFB5D7757CC /* Model */ = {
			isa = PBXGroup;
			children = (
				B3D397595F13977268CED296 /* Rest */,
				B3D397A5BD83C072E52C3804 /* PNYTokenPair.m */,
				B3D391FBCD40EB1F47409605 /* PNYTokenPair.h */,
				B3D397B25E6422A0FD46AA88 /* PNYUserSettingsKeys.h */,
			);
			path = Model;
			sourceTree = "<group>";
		};
		B3D397BAB370104ABB1C4170 /* Config */ = {
			isa = PBXGroup;
			children = (
				B3D394209B75F0CB2AE5A887 /* PNYConfig.h */,
				B3D396F10BA4E406DAD3C29F /* PNYConfigFactory.h */,
				B3D396CFEE3641F59F70ECCE /* PNYConfigFactoryImpl.h */,
				B3D39E88204B82C635B8805E /* PNYConfigFactoryImpl.m */,
				B3D397804D6A323876FFD58F /* PNYConfigImpl.h */,
				B3D39F2DF2AC670996725553 /* PNYConfigImpl.m */,
			);
			path = Config;
			sourceTree = "<group>";
		};
		B3D39A60C41929F8762F4524 /* Logging */ = {
			isa = PBXGroup;
			children = (
				B3D3944FC134A66B6F70C849 /* PNYLogFormatter.h */,
				B3D3917B32DD4FC934F11A8F /* PNYLogFormatter.m */,
			);
			path = Logging;
			sourceTree = "<group>";
		};
		B3D39BCA4C873EBB3971BE58 /* Persistence */ = {
			isa = PBXGroup;
			children = (
				B3D3930FBAA697968C05AB29 /* PNYKeychainDictionary.h */,
				B3D39DA0A98E4CAC9BF9C012 /* PNYKeychainDictionary.m */,
				B3D39EBA42B8FCD5362C67A2 /* PNYPersistentDictionary.h */,
				B3D39B7BBD035AF54C860D0C /* PNYPersistentDictionaryImpl.h */,
				B3D39C5FDCFE9928DFC486D3 /* PNYPersistentDictionaryImpl.m */,
			);
			path = Persistence;
			sourceTree = "<group>";
		};
		B3D39E94328F5BA87536221C /* EventBus */ = {
			isa = PBXGroup;
			children = (
				B3D39E409C0690922D7570B4 /* PNYEvent.h */,
				B3D39DFCD24FAA94DC21436A /* PNYEvent.m */,
				B3D39C46280391F871AF8AC5 /* PNYEventBus.h */,
				B3D39ADB94847606F6097CA2 /* PNYEventBus.m */,
			);
			path = EventBus;
			sourceTree = "<group>";
		};
		B3D39EDDBA26258F1A085110 /* Model */ = {
			isa = PBXGroup;
			children = (
				B3D39949E52EC71319545748 /* DtoMappingTests.m */,
			);
			path = Model;
			sourceTree = "<group>";
		};
		B3D39EF7CE61550B7430B921 /* Resources */ = {
			isa = PBXGroup;
			children = (
				26A10E6D1BCA80B200C63AD8 /* Info.plist */,
			);
			path = Resources;
			sourceTree = "<group>";
		};
		E5151A5FD2C275E98F13B308 /* Pods */ = {
			isa = PBXGroup;
			children = (
				D42DC7A592ECA225D2F4E176 /* Pods.debug.xcconfig */,
				BF6D0B713C0E6822FC01735C /* Pods.release.xcconfig */,
			);
			name = Pods;
			sourceTree = "<group>";
		};
/* End PBXGroup section */

/* Begin PBXNativeTarget section */
		268126D61BCA781500728EFF /* Pony */ = {
			isa = PBXNativeTarget;
			buildConfigurationList = 268126F91BCA781500728EFF /* Build configuration list for PBXNativeTarget "Pony" */;
			buildPhases = (
				2EA972D55DA6296B69AD912F /* Check Pods Manifest.lock */,
				268126D31BCA781500728EFF /* Sources */,
				268126D41BCA781500728EFF /* Frameworks */,
				268126D51BCA781500728EFF /* Resources */,
				319D61F832BD2E00B24BD4BB /* Embed Pods Frameworks */,
				A5BF8B8275D0DDF277157032 /* Copy Pods Resources */,
			);
			buildRules = (
			);
			dependencies = (
			);
			name = Pony;
			productName = Pony;
			productReference = 268126D71BCA781500728EFF /* Pony.app */;
			productType = "com.apple.product-type.application";
		};
		268126EF1BCA781500728EFF /* PonyTests */ = {
			isa = PBXNativeTarget;
			buildConfigurationList = 268126FC1BCA781500728EFF /* Build configuration list for PBXNativeTarget "PonyTests" */;
			buildPhases = (
				249A36485A40E5F8BC6BF65B /* Check Pods Manifest.lock */,
				268126EC1BCA781500728EFF /* Sources */,
				268126ED1BCA781500728EFF /* Frameworks */,
				268126EE1BCA781500728EFF /* Resources */,
				3E72699C391CECDE0CDD06CF /* Embed Pods Frameworks */,
				3700282BB472D60E42E51799 /* Copy Pods Resources */,
			);
			buildRules = (
			);
			dependencies = (
				268126F21BCA781500728EFF /* PBXTargetDependency */,
			);
			name = PonyTests;
			productName = PonyTests;
			productReference = 268126F01BCA781500728EFF /* PonyTests.xctest */;
			productType = "com.apple.product-type.bundle.unit-test";
		};
/* End PBXNativeTarget section */

/* Begin PBXProject section */
		268126CF1BCA781500728EFF /* Project object */ = {
			isa = PBXProject;
			attributes = {
				LastUpgradeCheck = 0700;
				ORGANIZATIONNAME = "Denis Dorokhov";
				TargetAttributes = {
					268126D61BCA781500728EFF = {
						CreatedOnToolsVersion = 7.0.1;
					};
					268126EF1BCA781500728EFF = {
						CreatedOnToolsVersion = 7.0.1;
						TestTargetID = 268126D61BCA781500728EFF;
					};
				};
			};
			buildConfigurationList = 268126D21BCA781500728EFF /* Build configuration list for PBXProject "Pony" */;
			compatibilityVersion = "Xcode 3.2";
			developmentRegion = English;
			hasScannedForEncodings = 0;
			knownRegions = (
				en,
				Base,
			);
			mainGroup = 268126CE1BCA781500728EFF;
			productRefGroup = 268126D81BCA781500728EFF /* Products */;
			projectDirPath = "";
			projectRoot = "";
			targets = (
				268126D61BCA781500728EFF /* Pony */,
				268126EF1BCA781500728EFF /* PonyTests */,
			);
		};
/* End PBXProject section */

/* Begin PBXResourcesBuildPhase section */
		268126D51BCA781500728EFF /* Resources */ = {
			isa = PBXResourcesBuildPhase;
			buildActionMask = 2147483647;
			files = (
				26A10E741BCA82AC00C63AD8 /* Main.storyboard in Resources */,
				26A10E781BCA830800C63AD8 /* Localizable.strings in Resources */,
				26A10E6B1BCA806D00C63AD8 /* Assets.xcassets in Resources */,
				26A10E731BCA82AC00C63AD8 /* LaunchScreen.storyboard in Resources */,
			);
			runOnlyForDeploymentPostprocessing = 0;
		};
		268126EE1BCA781500728EFF /* Resources */ = {
			isa = PBXResourcesBuildPhase;
			buildActionMask = 2147483647;
			files = (
			);
			runOnlyForDeploymentPostprocessing = 0;
		};
/* End PBXResourcesBuildPhase section */

/* Begin PBXShellScriptBuildPhase section */
		249A36485A40E5F8BC6BF65B /* Check Pods Manifest.lock */ = {
			isa = PBXShellScriptBuildPhase;
			buildActionMask = 2147483647;
			files = (
			);
			inputPaths = (
			);
			name = "Check Pods Manifest.lock";
			outputPaths = (
			);
			runOnlyForDeploymentPostprocessing = 0;
			shellPath = /bin/sh;
			shellScript = "diff \"${PODS_ROOT}/../Podfile.lock\" \"${PODS_ROOT}/Manifest.lock\" > /dev/null\nif [[ $? != 0 ]] ; then\n    cat << EOM\nerror: The sandbox is not in sync with the Podfile.lock. Run 'pod install' or update your CocoaPods installation.\nEOM\n    exit 1\nfi\n";
			showEnvVarsInLog = 0;
		};
		2EA972D55DA6296B69AD912F /* Check Pods Manifest.lock */ = {
			isa = PBXShellScriptBuildPhase;
			buildActionMask = 2147483647;
			files = (
			);
			inputPaths = (
			);
			name = "Check Pods Manifest.lock";
			outputPaths = (
			);
			runOnlyForDeploymentPostprocessing = 0;
			shellPath = /bin/sh;
			shellScript = "diff \"${PODS_ROOT}/../Podfile.lock\" \"${PODS_ROOT}/Manifest.lock\" > /dev/null\nif [[ $? != 0 ]] ; then\n    cat << EOM\nerror: The sandbox is not in sync with the Podfile.lock. Run 'pod install' or update your CocoaPods installation.\nEOM\n    exit 1\nfi\n";
			showEnvVarsInLog = 0;
		};
		319D61F832BD2E00B24BD4BB /* Embed Pods Frameworks */ = {
			isa = PBXShellScriptBuildPhase;
			buildActionMask = 2147483647;
			files = (
			);
			inputPaths = (
			);
			name = "Embed Pods Frameworks";
			outputPaths = (
			);
			runOnlyForDeploymentPostprocessing = 0;
			shellPath = /bin/sh;
			shellScript = "\"${SRCROOT}/Pods/Target Support Files/Pods/Pods-frameworks.sh\"\n";
			showEnvVarsInLog = 0;
		};
		3700282BB472D60E42E51799 /* Copy Pods Resources */ = {
			isa = PBXShellScriptBuildPhase;
			buildActionMask = 2147483647;
			files = (
			);
			inputPaths = (
			);
			name = "Copy Pods Resources";
			outputPaths = (
			);
			runOnlyForDeploymentPostprocessing = 0;
			shellPath = /bin/sh;
			shellScript = "\"${SRCROOT}/Pods/Target Support Files/Pods/Pods-resources.sh\"\n";
			showEnvVarsInLog = 0;
		};
		3E72699C391CECDE0CDD06CF /* Embed Pods Frameworks */ = {
			isa = PBXShellScriptBuildPhase;
			buildActionMask = 2147483647;
			files = (
			);
			inputPaths = (
			);
			name = "Embed Pods Frameworks";
			outputPaths = (
			);
			runOnlyForDeploymentPostprocessing = 0;
			shellPath = /bin/sh;
			shellScript = "\"${SRCROOT}/Pods/Target Support Files/Pods/Pods-frameworks.sh\"\n";
			showEnvVarsInLog = 0;
		};
		A5BF8B8275D0DDF277157032 /* Copy Pods Resources */ = {
			isa = PBXShellScriptBuildPhase;
			buildActionMask = 2147483647;
			files = (
			);
			inputPaths = (
			);
			name = "Copy Pods Resources";
			outputPaths = (
			);
			runOnlyForDeploymentPostprocessing = 0;
			shellPath = /bin/sh;
			shellScript = "\"${SRCROOT}/Pods/Target Support Files/Pods/Pods-resources.sh\"\n";
			showEnvVarsInLog = 0;
		};
/* End PBXShellScriptBuildPhase section */

/* Begin PBXSourcesBuildPhase section */
		268126D31BCA781500728EFF /* Sources */ = {
			isa = PBXSourcesBuildPhase;
			buildActionMask = 2147483647;
			files = (
				268126DF1BCA781500728EFF /* PNYAppDelegate.m in Sources */,
				268797ED1BCA8FDF0050724B /* PNYTestDelegate.m in Sources */,
				B3D3949B5F1688A30FFFBBCE /* main.m in Sources */,
				B3D397DE59BB8D0115C71378 /* PNYEventBus.m in Sources */,
				B3D393D0E128DB4EFD1949ED /* PNYEvent.m in Sources */,
				B3D39C3436205E1B9DF072CD /* PNYConfigImpl.m in Sources */,
				B3D394ECE385B3396C5C0EC0 /* PNYPersistentDictionaryImpl.m in Sources */,
				B3D395C67CF9E85900649DBA /* PNYKeychainDictionary.m in Sources */,
				B3D39B135096C894EEF5D949 /* PNYConfigFactoryImpl.m in Sources */,
				B3D3931FE77742252EEFF483 /* PNYLogFormatter.m in Sources */,
				B3D39B9B1E207F311B4E2A71 /* PNYRandomUtils.m in Sources */,
				B3D394ACDEE4428FECF890E9 /* PNYFileUtils.m in Sources */,
				B3D39602C1CABDD315453C2D /* PNYUserSettingsImpl.m in Sources */,
				B3D393F5FAF67041B527CD36 /* NSOrderedSet+PNYNSValue.m in Sources */,
				B3D39A69666F3997EDE92A3F /* NSMutableOrderedSet+PNYNSValue.m in Sources */,
				B3D3926EFEA289477996E0BC /* PNYViewController.m in Sources */,
				B3D39FF22972BA59AEC4D92C /* PNYObjectUtils.m in Sources */,
				B3D3950AA3BEC8949768F128 /* PNYTokenPairDaoImpl.m in Sources */,
				B3D3970B04957A2769F21BED /* PNYSongDto.m in Sources */,
				B3D398C01C78946833D5FD5A /* PNYAlbumDto.m in Sources */,
				B3D39D8FEBA810A64B1408C5 /* PNYResponseDto.m in Sources */,
				B3D397E63BDBCBC9A2C4EEAC /* PNYUserDto.m in Sources */,
				B3D39162FD5DF01A51EDEFCC /* PNYArtistDto.m in Sources */,
				B3D3965AEA13D4324151E635 /* PNYArtistAlbumsDto.m in Sources */,
				B3D3929569A627186EA565F1 /* PNYCredentialsDto.m in Sources */,
				B3D39BFA2E9F872C0A88FC75 /* PNYAlbumSongsDto.m in Sources */,
				B3D39D736A745C1D78BF4E8C /* PNYInstallationDto.m in Sources */,
				B3D39FAA1CD20225F53D2E8B /* PNYErrorDto.m in Sources */,
				B3D39AE060F5127626F3D05F /* PNYAuthenticationDto.m in Sources */,
				B3D3931D2E28D609946DCB2E /* PNYAbstractDto.m in Sources */,
				B3D39A5FC3D1C90DDA1C35EF /* PNYGenreDto.m in Sources */,
				B3D394CFE21DF27B0E70ED60 /* PNYRestRequestOperation.m in Sources */,
				B3D39CB6A2ABBC0F469E6DC4 /* PNYTokenPair.m in Sources */,
				B3D390A54750435BD3319095 /* PNYRestServiceImpl.m in Sources */,
				B3D3966117014DD824574DAA /* PNYRestResponseSerializer.m in Sources */,
				B3D39619C3D114479685A568 /* PNYUrlUtils.m in Sources */,
				B3D3902286B75DF12386E41C /* PNYErrorUtils.m in Sources */,
			);
			runOnlyForDeploymentPostprocessing = 0;
		};
		268126EC1BCA781500728EFF /* Sources */ = {
			isa = PBXSourcesBuildPhase;
			buildActionMask = 2147483647;
			files = (
				B3D39C02E672D044451A7206 /* PNYEventBusTests.m in Sources */,
				2672227E1BCC2D450043EA1E /* PNYTestCase.m in Sources */,
				B3D39525D542987E401F7C91 /* PNYPersistenceTests.m in Sources */,
				B3D3991D816EB45B25A8B3A2 /* PNYConfigTests.m in Sources */,
				B3D391E2CFA8C8BB100755FB /* PNYUserSettingsTests.m in Sources */,
				B3D39ACD1871AF58ABDF6EAE /* DtoMappingTests.m in Sources */,
			);
			runOnlyForDeploymentPostprocessing = 0;
		};
/* End PBXSourcesBuildPhase section */

/* Begin PBXTargetDependency section */
		268126F21BCA781500728EFF /* PBXTargetDependency */ = {
			isa = PBXTargetDependency;
			target = 268126D61BCA781500728EFF /* Pony */;
			targetProxy = 268126F11BCA781500728EFF /* PBXContainerItemProxy */;
		};
/* End PBXTargetDependency section */

/* Begin PBXVariantGroup section */
		26A10E7A1BCA830800C63AD8 /* Localizable.strings */ = {
			isa = PBXVariantGroup;
			children = (
				26A10E791BCA830800C63AD8 /* Base */,
			);
			name = Localizable.strings;
			sourceTree = "<group>";
		};
/* End PBXVariantGroup section */

/* Begin XCBuildConfiguration section */
		268126F71BCA781500728EFF /* Debug */ = {
			isa = XCBuildConfiguration;
			buildSettings = {
				ALWAYS_SEARCH_USER_PATHS = NO;
				CLANG_CXX_LANGUAGE_STANDARD = "gnu++0x";
				CLANG_CXX_LIBRARY = "libc++";
				CLANG_ENABLE_MODULES = YES;
				CLANG_ENABLE_OBJC_ARC = YES;
				CLANG_WARN_BOOL_CONVERSION = YES;
				CLANG_WARN_CONSTANT_CONVERSION = YES;
				CLANG_WARN_DIRECT_OBJC_ISA_USAGE = YES_ERROR;
				CLANG_WARN_EMPTY_BODY = YES;
				CLANG_WARN_ENUM_CONVERSION = YES;
				CLANG_WARN_INT_CONVERSION = YES;
				CLANG_WARN_OBJC_ROOT_CLASS = YES_ERROR;
				CLANG_WARN_UNREACHABLE_CODE = YES;
				CLANG_WARN__DUPLICATE_METHOD_MATCH = YES;
				"CODE_SIGN_IDENTITY[sdk=iphoneos*]" = "iPhone Developer";
				COPY_PHASE_STRIP = NO;
				DEBUG_INFORMATION_FORMAT = dwarf;
				ENABLE_STRICT_OBJC_MSGSEND = YES;
				ENABLE_TESTABILITY = YES;
				GCC_C_LANGUAGE_STANDARD = gnu99;
				GCC_DYNAMIC_NO_PIC = NO;
				GCC_NO_COMMON_BLOCKS = YES;
				GCC_OPTIMIZATION_LEVEL = 0;
				GCC_PREFIX_HEADER = Pony/PNYPrefix.pch;
				GCC_PREPROCESSOR_DEFINITIONS = (
					"DEBUG=1",
					"$(inherited)",
				);
				GCC_WARN_64_TO_32_BIT_CONVERSION = YES;
				GCC_WARN_ABOUT_RETURN_TYPE = YES_ERROR;
				GCC_WARN_UNDECLARED_SELECTOR = YES;
				GCC_WARN_UNINITIALIZED_AUTOS = YES_AGGRESSIVE;
				GCC_WARN_UNUSED_FUNCTION = YES;
				GCC_WARN_UNUSED_VARIABLE = YES;
				IPHONEOS_DEPLOYMENT_TARGET = 8.0;
				MTL_ENABLE_DEBUG_INFO = YES;
				ONLY_ACTIVE_ARCH = YES;
				SDKROOT = iphoneos;
				TARGETED_DEVICE_FAMILY = "1,2";
			};
			name = Debug;
		};
		268126F81BCA781500728EFF /* Release */ = {
			isa = XCBuildConfiguration;
			buildSettings = {
				ALWAYS_SEARCH_USER_PATHS = NO;
				CLANG_CXX_LANGUAGE_STANDARD = "gnu++0x";
				CLANG_CXX_LIBRARY = "libc++";
				CLANG_ENABLE_MODULES = YES;
				CLANG_ENABLE_OBJC_ARC = YES;
				CLANG_WARN_BOOL_CONVERSION = YES;
				CLANG_WARN_CONSTANT_CONVERSION = YES;
				CLANG_WARN_DIRECT_OBJC_ISA_USAGE = YES_ERROR;
				CLANG_WARN_EMPTY_BODY = YES;
				CLANG_WARN_ENUM_CONVERSION = YES;
				CLANG_WARN_INT_CONVERSION = YES;
				CLANG_WARN_OBJC_ROOT_CLASS = YES_ERROR;
				CLANG_WARN_UNREACHABLE_CODE = YES;
				CLANG_WARN__DUPLICATE_METHOD_MATCH = YES;
				"CODE_SIGN_IDENTITY[sdk=iphoneos*]" = "iPhone Developer";
				COPY_PHASE_STRIP = NO;
				DEBUG_INFORMATION_FORMAT = "dwarf-with-dsym";
				ENABLE_NS_ASSERTIONS = NO;
				ENABLE_STRICT_OBJC_MSGSEND = YES;
				GCC_C_LANGUAGE_STANDARD = gnu99;
				GCC_NO_COMMON_BLOCKS = YES;
				GCC_PREFIX_HEADER = Pony/PNYPrefix.pch;
				GCC_WARN_64_TO_32_BIT_CONVERSION = YES;
				GCC_WARN_ABOUT_RETURN_TYPE = YES_ERROR;
				GCC_WARN_UNDECLARED_SELECTOR = YES;
				GCC_WARN_UNINITIALIZED_AUTOS = YES_AGGRESSIVE;
				GCC_WARN_UNUSED_FUNCTION = YES;
				GCC_WARN_UNUSED_VARIABLE = YES;
				IPHONEOS_DEPLOYMENT_TARGET = 8.0;
				MTL_ENABLE_DEBUG_INFO = NO;
				SDKROOT = iphoneos;
				TARGETED_DEVICE_FAMILY = "1,2";
				VALIDATE_PRODUCT = YES;
			};
			name = Release;
		};
		268126FA1BCA781500728EFF /* Debug */ = {
			isa = XCBuildConfiguration;
			baseConfigurationReference = D42DC7A592ECA225D2F4E176 /* Pods.debug.xcconfig */;
			buildSettings = {
				ASSETCATALOG_COMPILER_APPICON_NAME = AppIcon;
				INFOPLIST_FILE = Pony/Resources/Info.plist;
				LD_RUNPATH_SEARCH_PATHS = "$(inherited) @executable_path/Frameworks";
				PRODUCT_BUNDLE_IDENTIFIER = net.dorokhov.pony;
				PRODUCT_NAME = "$(TARGET_NAME)";
			};
			name = Debug;
		};
		268126FB1BCA781500728EFF /* Release */ = {
			isa = XCBuildConfiguration;
			baseConfigurationReference = BF6D0B713C0E6822FC01735C /* Pods.release.xcconfig */;
			buildSettings = {
				ASSETCATALOG_COMPILER_APPICON_NAME = AppIcon;
				INFOPLIST_FILE = Pony/Resources/Info.plist;
				LD_RUNPATH_SEARCH_PATHS = "$(inherited) @executable_path/Frameworks";
				PRODUCT_BUNDLE_IDENTIFIER = net.dorokhov.pony;
				PRODUCT_NAME = "$(TARGET_NAME)";
			};
			name = Release;
		};
		268126FD1BCA781500728EFF /* Debug */ = {
			isa = XCBuildConfiguration;
			baseConfigurationReference = D42DC7A592ECA225D2F4E176 /* Pods.debug.xcconfig */;
			buildSettings = {
				BUNDLE_LOADER = "$(TEST_HOST)";
				GCC_PREFIX_HEADER = PonyTests/PNYTestPrefix.pch;
				INFOPLIST_FILE = PonyTests/Resources/Info.plist;
				LD_RUNPATH_SEARCH_PATHS = "$(inherited) @executable_path/Frameworks @loader_path/Frameworks";
				PRODUCT_BUNDLE_IDENTIFIER = net.dorokhov.ponyTests;
				PRODUCT_NAME = "$(TARGET_NAME)";
				TEST_HOST = "$(BUILT_PRODUCTS_DIR)/Pony.app/Pony";
			};
			name = Debug;
		};
		268126FE1BCA781500728EFF /* Release */ = {
			isa = XCBuildConfiguration;
			baseConfigurationReference = BF6D0B713C0E6822FC01735C /* Pods.release.xcconfig */;
			buildSettings = {
				BUNDLE_LOADER = "$(TEST_HOST)";
				GCC_PREFIX_HEADER = PonyTests/PNYTestPrefix.pch;
				INFOPLIST_FILE = PonyTests/Resources/Info.plist;
				LD_RUNPATH_SEARCH_PATHS = "$(inherited) @executable_path/Frameworks @loader_path/Frameworks";
				PRODUCT_BUNDLE_IDENTIFIER = net.dorokhov.ponyTests;
				PRODUCT_NAME = "$(TARGET_NAME)";
				TEST_HOST = "$(BUILT_PRODUCTS_DIR)/Pony.app/Pony";
			};
			name = Release;
		};
/* End XCBuildConfiguration section */

/* Begin XCConfigurationList section */
		268126D21BCA781500728EFF /* Build configuration list for PBXProject "Pony" */ = {
			isa = XCConfigurationList;
			buildConfigurations = (
				268126F71BCA781500728EFF /* Debug */,
				268126F81BCA781500728EFF /* Release */,
			);
			defaultConfigurationIsVisible = 0;
			defaultConfigurationName = Release;
		};
		268126F91BCA781500728EFF /* Build configuration list for PBXNativeTarget "Pony" */ = {
			isa = XCConfigurationList;
			buildConfigurations = (
				268126FA1BCA781500728EFF /* Debug */,
				268126FB1BCA781500728EFF /* Release */,
			);
			defaultConfigurationIsVisible = 0;
			defaultConfigurationName = Release;
		};
		268126FC1BCA781500728EFF /* Build configuration list for PBXNativeTarget "PonyTests" */ = {
			isa = XCConfigurationList;
			buildConfigurations = (
				268126FD1BCA781500728EFF /* Debug */,
				268126FE1BCA781500728EFF /* Release */,
			);
			defaultConfigurationIsVisible = 0;
			defaultConfigurationName = Release;
		};
/* End XCConfigurationList section */
	};
	rootObject = 268126CF1BCA781500728EFF /* Project object */;
}
