// !$*UTF8*$!
{
	archiveVersion = 1;
	classes = {
	};
	objectVersion = 46;
	objects = {

/* Begin PBXBuildFile section */
		2665E0971BF77D6A002A067A /* Main.storyboard in Resources */ = {isa = PBXBuildFile; fileRef = 2665E0961BF77D6A002A067A /* Main.storyboard */; };
		268126DF1BCA781500728EFF /* PNYAppDelegate.m in Sources */ = {isa = PBXBuildFile; fileRef = 268126DE1BCA781500728EFF /* PNYAppDelegate.m */; };
		268797ED1BCA8FDF0050724B /* PNYTestDelegate.m in Sources */ = {isa = PBXBuildFile; fileRef = B3D39C072125E1E9E864A7CA /* PNYTestDelegate.m */; };
		26A10E6B1BCA806D00C63AD8 /* Assets.xcassets in Resources */ = {isa = PBXBuildFile; fileRef = 26A10E6A1BCA806D00C63AD8 /* Assets.xcassets */; };
		26A10E731BCA82AC00C63AD8 /* LaunchScreen.storyboard in Resources */ = {isa = PBXBuildFile; fileRef = 26A10E711BCA82AC00C63AD8 /* LaunchScreen.storyboard */; };
		26A10E741BCA82AC00C63AD8 /* Bootstrap.storyboard in Resources */ = {isa = PBXBuildFile; fileRef = 26A10E721BCA82AC00C63AD8 /* Bootstrap.storyboard */; };
		26A10E781BCA830800C63AD8 /* Localizable.strings in Resources */ = {isa = PBXBuildFile; fileRef = 26A10E7A1BCA830800C63AD8 /* Localizable.strings */; };
		497BC14B3AFD619B1D48086C /* Pods_PonyTests.framework in Frameworks */ = {isa = PBXBuildFile; fileRef = 6A2AA0BA5546F10FF43D9C05 /* Pods_PonyTests.framework */; };
		776BB7EE5590D184E09A544F /* Pods.framework in Frameworks */ = {isa = PBXBuildFile; fileRef = BE7939B284CFACA2296CE1E2 /* Pods.framework */; };
		B3D3902286B75DF12386E41C /* PNYErrorUtils.m in Sources */ = {isa = PBXBuildFile; fileRef = B3D39C0E7A9941EFFC30B786 /* PNYErrorUtils.m */; };
		B3D39025C59A4483DC8D78A7 /* PNYImageCacheSerializer.m in Sources */ = {isa = PBXBuildFile; fileRef = B3D396B491CE0189A7ACCAF8 /* PNYImageCacheSerializer.m */; };
		B3D39060B66CC3B380598914 /* PNYUtilityAssembly.m in Sources */ = {isa = PBXBuildFile; fileRef = B3D39D1752DD21473DB8AB7E /* PNYUtilityAssembly.m */; };
		B3D39074E9C71C9B5DF98391 /* PNYBootstrapConfigControllerAbstract.m in Sources */ = {isa = PBXBuildFile; fileRef = B3D39813934BF46FF50E1636 /* PNYBootstrapConfigControllerAbstract.m */; };
		B3D390A54750435BD3319095 /* PNYRestServiceImpl.m in Sources */ = {isa = PBXBuildFile; fileRef = B3D395F07109A88C4362C9F4 /* PNYRestServiceImpl.m */; };
		B3D39162FD5DF01A51EDEFCC /* PNYArtistDto.m in Sources */ = {isa = PBXBuildFile; fileRef = B3D39BAE619FFB4CF8E5E5B6 /* PNYArtistDto.m */; };
		B3D391903066A9E63767E212 /* PNYBootstrapRetryController.m in Sources */ = {isa = PBXBuildFile; fileRef = B3D399CABB8080FF65C6D07A /* PNYBootstrapRetryController.m */; };
		B3D391EAFBFAA1CCAD909FF7 /* PNYRestServiceLocator.m in Sources */ = {isa = PBXBuildFile; fileRef = B3D396582098D9949A432AE4 /* PNYRestServiceLocator.m */; };
		B3D3926EFEA289477996E0BC /* PNYBootstrapController.m in Sources */ = {isa = PBXBuildFile; fileRef = B3D39D47F9A73E3FA1DE02DD /* PNYBootstrapController.m */; };
		B3D3929569A627186EA565F1 /* PNYCredentialsDto.m in Sources */ = {isa = PBXBuildFile; fileRef = B3D396942BCF3AE4E2FADAF6 /* PNYCredentialsDto.m */; };
		B3D392A2F979902D3ADE7212 /* PNYBootstrapServerConfigController.m in Sources */ = {isa = PBXBuildFile; fileRef = B3D39B52774F30DC0E0BDB01 /* PNYBootstrapServerConfigController.m */; };
		B3D392D2C1D7F56926F20383 /* PNYAlertFactory.m in Sources */ = {isa = PBXBuildFile; fileRef = B3D398CB79E62007AAF0A8D3 /* PNYAlertFactory.m */; };
		B3D3931D2E28D609946DCB2E /* PNYAbstractDto.m in Sources */ = {isa = PBXBuildFile; fileRef = B3D390E7C011934D8D3FFB51 /* PNYAbstractDto.m */; };
		B3D3931FE77742252EEFF483 /* PNYLogFormatter.m in Sources */ = {isa = PBXBuildFile; fileRef = B3D3917B32DD4FC934F11A8F /* PNYLogFormatter.m */; };
		B3D393496FFACD4234706C92 /* PNYAppAssembly.m in Sources */ = {isa = PBXBuildFile; fileRef = B3D39295EB62CA0B7F5DA4F7 /* PNYAppAssembly.m */; };
		B3D393A78581E501C3A2CAC2 /* PNYTestCase.m in Sources */ = {isa = PBXBuildFile; fileRef = B3D39FDFCBA3AEB05ECBE92D /* PNYTestCase.m */; };
		B3D393D0E128DB4EFD1949ED /* PNYEvent.m in Sources */ = {isa = PBXBuildFile; fileRef = B3D39DFCD24FAA94DC21436A /* PNYEvent.m */; };
		B3D393DF0D4406896A4333D4 /* PNYRestServiceCachedImpl.m in Sources */ = {isa = PBXBuildFile; fileRef = B3D392B68B8B3F9F45827436 /* PNYRestServiceCachedImpl.m */; };
		B3D393F5FAF67041B527CD36 /* NSOrderedSet+PNYNSValue.m in Sources */ = {isa = PBXBuildFile; fileRef = B3D3990C5423562FEEE9FCFE /* NSOrderedSet+PNYNSValue.m */; };
		B3D3940FFEAA6B07165AC4CB /* PNYTestUtils.m in Sources */ = {isa = PBXBuildFile; fileRef = B3D3926FD4A78F7F30BEAF29 /* PNYTestUtils.m */; };
		B3D3949B5F1688A30FFFBBCE /* main.m in Sources */ = {isa = PBXBuildFile; fileRef = B3D396B135DCC7B3776CF9DC /* main.m */; };
		B3D394ACDEE4428FECF890E9 /* PNYFileUtils.m in Sources */ = {isa = PBXBuildFile; fileRef = B3D390E01BCCE78D565E805C /* PNYFileUtils.m */; };
		B3D394CFE21DF27B0E70ED60 /* PNYRestRequestOperation.m in Sources */ = {isa = PBXBuildFile; fileRef = B3D39E565D2F1E2821D97D74 /* PNYRestRequestOperation.m */; };
		B3D394ECE385B3396C5C0EC0 /* PNYPersistentDictionaryImpl.m in Sources */ = {isa = PBXBuildFile; fileRef = B3D39C5FDCFE9928DFC486D3 /* PNYPersistentDictionaryImpl.m */; };
		B3D3952B86A984F40CDB2A77 /* PNYRestServiceCachedTests.m in Sources */ = {isa = PBXBuildFile; fileRef = B3D3989DA33D43FB64CF9347 /* PNYRestServiceCachedTests.m */; };
		B3D395C049DDF57A6F5DD870 /* PNYStringCacheSerializer.m in Sources */ = {isa = PBXBuildFile; fileRef = B3D398392BDD13D3B2ADFF2E /* PNYStringCacheSerializer.m */; };
		B3D395C67CF9E85900649DBA /* PNYKeychainDictionary.m in Sources */ = {isa = PBXBuildFile; fileRef = B3D39DA0A98E4CAC9BF9C012 /* PNYKeychainDictionary.m */; };
		B3D395CC11F8AF777B31D502 /* PNYBootstrapService.m in Sources */ = {isa = PBXBuildFile; fileRef = B3D39E9230C109403DF13A22 /* PNYBootstrapService.m */; };
		B3D39602C1CABDD315453C2D /* PNYUserSettingsImpl.m in Sources */ = {isa = PBXBuildFile; fileRef = B3D394F7D20D1AB9C936A1F1 /* PNYUserSettingsImpl.m */; };
		B3D39619C3D114479685A568 /* PNYUrlUtils.m in Sources */ = {isa = PBXBuildFile; fileRef = B3D39DEEA0BB3E6C58BA30B6 /* PNYUrlUtils.m */; };
		B3D39631FC96270B19C247A8 /* PNYDtoUtils.m in Sources */ = {isa = PBXBuildFile; fileRef = B3D39AB4E3AD5FC94BBBE61E /* PNYDtoUtils.m */; };
		B3D3965AEA13D4324151E635 /* PNYArtistAlbumsDto.m in Sources */ = {isa = PBXBuildFile; fileRef = B3D39A2C51BA3021FF06A858 /* PNYArtistAlbumsDto.m */; };
		B3D3966117014DD824574DAA /* PNYRestResponseSerializer.m in Sources */ = {isa = PBXBuildFile; fileRef = B3D39E012D5199AAB1966EC9 /* PNYRestResponseSerializer.m */; };
		B3D3970B04957A2769F21BED /* PNYSongDto.m in Sources */ = {isa = PBXBuildFile; fileRef = B3D3995600AE5CE23610B184 /* PNYSongDto.m */; };
		B3D39727412D37D4A95ACDA6 /* PNYBootstrapLoginConfigController.m in Sources */ = {isa = PBXBuildFile; fileRef = B3D3930A72E05C1C96491112 /* PNYBootstrapLoginConfigController.m */; };
		B3D39790DC74035F184E8E0B /* PNYMappingCacheSerializer.m in Sources */ = {isa = PBXBuildFile; fileRef = B3D3948A806BA97AEE14B1C2 /* PNYMappingCacheSerializer.m */; };
		B3D397DE59BB8D0115C71378 /* PNYEventBusImpl.m in Sources */ = {isa = PBXBuildFile; fileRef = B3D39ADB94847606F6097CA2 /* PNYEventBusImpl.m */; };
		B3D397E1F73EA7F90B944694 /* PNYTokenPairDaoMock.m in Sources */ = {isa = PBXBuildFile; fileRef = B3D396A8ED996A57A2112EEC /* PNYTokenPairDaoMock.m */; };
		B3D397E63BDBCBC9A2C4EEAC /* PNYUserDto.m in Sources */ = {isa = PBXBuildFile; fileRef = B3D39CBEC04ACB7665C72B8B /* PNYUserDto.m */; };
		B3D397F2FAA1CF075C46C19D /* NSURLRequest+PNYDump.m in Sources */ = {isa = PBXBuildFile; fileRef = B3D394DCACE1658EDAC1D4BD /* NSURLRequest+PNYDump.m */; };
		B3D398C01C78946833D5FD5A /* PNYAlbumDto.m in Sources */ = {isa = PBXBuildFile; fileRef = B3D39C3F3DBF2B4C5E5314B1 /* PNYAlbumDto.m */; };
		B3D398C5F25D434865D90582 /* PNYMainController.m in Sources */ = {isa = PBXBuildFile; fileRef = B3D3958D3F233988C2F49094 /* PNYMainController.m */; };
		B3D398C643AACD1EF33CBB51 /* PNYRestRequestProxy.m in Sources */ = {isa = PBXBuildFile; fileRef = B3D390B9485FF4F5F6CA8152 /* PNYRestRequestProxy.m */; };
		B3D3994D4EE1AC0D1908D9C7 /* PNYEventBusTests.m in Sources */ = {isa = PBXBuildFile; fileRef = B3D399F75FE4B62BCEBF0C77 /* PNYEventBusTests.m */; };
		B3D3995BF4C83F58AD42CE45 /* PNYOfflineOnlyCache.m in Sources */ = {isa = PBXBuildFile; fileRef = B3D39B728AEA86E900F715B8 /* PNYOfflineOnlyCache.m */; };
		B3D399D573BEC50B65C4DA0C /* PNYMemoryCache.m in Sources */ = {isa = PBXBuildFile; fileRef = B3D39E070E51874195F809FF /* PNYMemoryCache.m */; };
		B3D399E9F19438A154E738BD /* PNYRestServiceUrlDaoImpl.m in Sources */ = {isa = PBXBuildFile; fileRef = B3D39EE4FB10DF6542CA3E22 /* PNYRestServiceUrlDaoImpl.m */; };
		B3D399F424D846D2BD86492F /* PNYDataCacheSerializer.m in Sources */ = {isa = PBXBuildFile; fileRef = B3D39C47A6986A24B825CBF2 /* PNYDataCacheSerializer.m */; };
		B3D39A21A17B1EB82E8F59A2 /* PNYAuthenticationService.m in Sources */ = {isa = PBXBuildFile; fileRef = B3D39ED659EE7866A88142B3 /* PNYAuthenticationService.m */; };
		B3D39A5FC3D1C90DDA1C35EF /* PNYGenreDto.m in Sources */ = {isa = PBXBuildFile; fileRef = B3D39645724712A53DD17270 /* PNYGenreDto.m */; };
		B3D39A69666F3997EDE92A3F /* NSMutableOrderedSet+PNYNSValue.m in Sources */ = {isa = PBXBuildFile; fileRef = B3D39761ED3DBEADA0EBDD83 /* NSMutableOrderedSet+PNYNSValue.m */; };
		B3D39AE060F5127626F3D05F /* PNYAuthenticationDto.m in Sources */ = {isa = PBXBuildFile; fileRef = B3D39DCB3A7DAB9E11F40B08 /* PNYAuthenticationDto.m */; };
		B3D39B58BD70D2E1CC54FBAC /* PNYSongDownloadService.m in Sources */ = {isa = PBXBuildFile; fileRef = B3D39A003FF2BB523D65BC04 /* PNYSongDownloadService.m */; };
		B3D39B9B1E207F311B4E2A71 /* PNYRandomUtils.m in Sources */ = {isa = PBXBuildFile; fileRef = B3D393C6740A53B13D9A4243 /* PNYRandomUtils.m */; };
		B3D39B9CCCEB5D1BCFA9C1AB /* PNYPersistentDictionaryMock.m in Sources */ = {isa = PBXBuildFile; fileRef = B3D39A825A804DC3739C917A /* PNYPersistentDictionaryMock.m */; };
		B3D39BBE65B5C04363EEC7A2 /* PNYTokenPairDaoImpl.m in Sources */ = {isa = PBXBuildFile; fileRef = B3D39121FCFA3A44A15BCE90 /* PNYTokenPairDaoImpl.m */; };
		B3D39BCB40786C5E31A4EB8F /* PNYCacheAsync.m in Sources */ = {isa = PBXBuildFile; fileRef = B3D39ABFC10B71E0B05A727C /* PNYCacheAsync.m */; };
		B3D39BFA2E9F872C0A88FC75 /* PNYAlbumSongsDto.m in Sources */ = {isa = PBXBuildFile; fileRef = B3D3938FC91988B3DEF557D3 /* PNYAlbumSongsDto.m */; };
		B3D39C0E0ED34FFEC3CB776A /* PNYSongDownloadServiceTests.m in Sources */ = {isa = PBXBuildFile; fileRef = B3D39EC7B5C197E3F8C0A736 /* PNYSongDownloadServiceTests.m */; };
		B3D39C2DB78EDC8495B5A415 /* PNYDtoMappingTests.m in Sources */ = {isa = PBXBuildFile; fileRef = B3D39BED7E275CA04A22BD27 /* PNYDtoMappingTests.m */; };
		B3D39C3436205E1B9DF072CD /* PNYConfigImpl.m in Sources */ = {isa = PBXBuildFile; fileRef = B3D39F2DF2AC670996725553 /* PNYConfigImpl.m */; };
		B3D39C5ED9582036AE99D520 /* Config.plist in Resources */ = {isa = PBXBuildFile; fileRef = B3D39F33F8A2DC7E5E2AED4C /* Config.plist */; };
		B3D39C645277D2B3F3A2A5E5 /* PNYPersistenceTests.m in Sources */ = {isa = PBXBuildFile; fileRef = B3D39657432999E906A1309E /* PNYPersistenceTests.m */; };
		B3D39CB6A2ABBC0F469E6DC4 /* PNYTokenPair.m in Sources */ = {isa = PBXBuildFile; fileRef = B3D397A5BD83C072E52C3804 /* PNYTokenPair.m */; };
		B3D39D0DDCED0E6C3285ACBC /* PNYUserSettingsTests.m in Sources */ = {isa = PBXBuildFile; fileRef = B3D39C6C63B323380D02C073 /* PNYUserSettingsTests.m */; };
		B3D39D736A745C1D78BF4E8C /* PNYInstallationDto.m in Sources */ = {isa = PBXBuildFile; fileRef = B3D39D932971B10FF713DC4C /* PNYInstallationDto.m */; };
		B3D39D8FEBA810A64B1408C5 /* PNYResponseDto.m in Sources */ = {isa = PBXBuildFile; fileRef = B3D3913CC3DE978561D1E58C /* PNYResponseDto.m */; };
		B3D39DCE86C17A35147D594A /* PNYCacheTests.m in Sources */ = {isa = PBXBuildFile; fileRef = B3D39E2EE718F3BB85150559 /* PNYCacheTests.m */; };
		B3D39E6BFA837DB80775685A /* PNYCacheAssembly.m in Sources */ = {isa = PBXBuildFile; fileRef = B3D3953A37EEDE3BF635FAB6 /* PNYCacheAssembly.m */; };
		B3D39E8374F51BBA77D20DBC /* PNYServiceAssembly.m in Sources */ = {isa = PBXBuildFile; fileRef = B3D39C195F2298B1AC8A3153 /* PNYServiceAssembly.m */; };
		B3D39EAA54CDB8D9FCAE44BC /* PNYDictionaryConfigFactory.m in Sources */ = {isa = PBXBuildFile; fileRef = B3D397DEC5BA1F4ED48FB1A6 /* PNYDictionaryConfigFactory.m */; };
		B3D39ECE55F828F906B1F55C /* PNYConfigTests.m in Sources */ = {isa = PBXBuildFile; fileRef = B3D39627463E0BCDFF58EFF9 /* PNYConfigTests.m */; };
		B3D39EEA629D93D32FEF4C40 /* PNYRestServiceTests.m in Sources */ = {isa = PBXBuildFile; fileRef = B3D3998E335F6FB0725A8D79 /* PNYRestServiceTests.m */; };
		B3D39EF1DC1EB0B828614D72 /* PNYFileCache.m in Sources */ = {isa = PBXBuildFile; fileRef = B3D39ED46006B6A282D47CF2 /* PNYFileCache.m */; };
		B3D39F4C23480726884CE890 /* PNYPlistConfigFactory.m in Sources */ = {isa = PBXBuildFile; fileRef = B3D3946413EA4200DC4F6BDE /* PNYPlistConfigFactory.m */; };
		B3D39F9BDD1B98D3D2264656 /* PNYBootstrapChildControllerAbstract.m in Sources */ = {isa = PBXBuildFile; fileRef = B3D39A0D694D3F80D694F685 /* PNYBootstrapChildControllerAbstract.m */; };
		B3D39FAA1CD20225F53D2E8B /* PNYErrorDto.m in Sources */ = {isa = PBXBuildFile; fileRef = B3D39F113A4FF3718432753E /* PNYErrorDto.m */; };
		B3D39FF22972BA59AEC4D92C /* PNYObjectUtils.m in Sources */ = {isa = PBXBuildFile; fileRef = B3D39E8374414C848F16E718 /* PNYObjectUtils.m */; };
/* End PBXBuildFile section */

/* Begin PBXContainerItemProxy section */
		268126F11BCA781500728EFF /* PBXContainerItemProxy */ = {
			isa = PBXContainerItemProxy;
			containerPortal = 268126CF1BCA781500728EFF /* Project object */;
			proxyType = 1;
			remoteGlobalIDString = 268126D61BCA781500728EFF;
			remoteInfo = Pony;
		};
/* End PBXContainerItemProxy section */

/* Begin PBXFileReference section */
		2665E0961BF77D6A002A067A /* Main.storyboard */ = {isa = PBXFileReference; fileEncoding = 4; lastKnownFileType = file.storyboard; path = Main.storyboard; sourceTree = "<group>"; };
		268126D71BCA781500728EFF /* Pony.app */ = {isa = PBXFileReference; explicitFileType = wrapper.application; includeInIndex = 0; path = Pony.app; sourceTree = BUILT_PRODUCTS_DIR; };
		268126DD1BCA781500728EFF /* PNYAppDelegate.h */ = {isa = PBXFileReference; lastKnownFileType = sourcecode.c.h; path = PNYAppDelegate.h; sourceTree = "<group>"; };
		268126DE1BCA781500728EFF /* PNYAppDelegate.m */ = {isa = PBXFileReference; lastKnownFileType = sourcecode.c.objc; path = PNYAppDelegate.m; sourceTree = "<group>"; };
		268126F01BCA781500728EFF /* PonyTests.xctest */ = {isa = PBXFileReference; explicitFileType = wrapper.cfbundle; includeInIndex = 0; path = PonyTests.xctest; sourceTree = BUILT_PRODUCTS_DIR; };
		26A10E6A1BCA806D00C63AD8 /* Assets.xcassets */ = {isa = PBXFileReference; lastKnownFileType = folder.assetcatalog; path = Assets.xcassets; sourceTree = "<group>"; };
		26A10E6C1BCA807F00C63AD8 /* Info.plist */ = {isa = PBXFileReference; lastKnownFileType = text.plist.xml; path = Info.plist; sourceTree = "<group>"; };
		26A10E6D1BCA80B200C63AD8 /* Info.plist */ = {isa = PBXFileReference; lastKnownFileType = text.plist.xml; path = Info.plist; sourceTree = "<group>"; };
		26A10E711BCA82AC00C63AD8 /* LaunchScreen.storyboard */ = {isa = PBXFileReference; fileEncoding = 4; lastKnownFileType = file.storyboard; path = LaunchScreen.storyboard; sourceTree = "<group>"; };
		26A10E721BCA82AC00C63AD8 /* Bootstrap.storyboard */ = {isa = PBXFileReference; fileEncoding = 4; lastKnownFileType = file.storyboard; path = Bootstrap.storyboard; sourceTree = "<group>"; };
		26A10E791BCA830800C63AD8 /* Base */ = {isa = PBXFileReference; lastKnownFileType = text.plist.strings; name = Base; path = Base.lproj/Localizable.strings; sourceTree = "<group>"; };
		50218CE241D7C1D9AE5640D1 /* Pods.release.xcconfig */ = {isa = PBXFileReference; includeInIndex = 1; lastKnownFileType = text.xcconfig; name = Pods.release.xcconfig; path = "Pods/Target Support Files/Pods/Pods.release.xcconfig"; sourceTree = "<group>"; };
		58FF68CD2205C6F16F439131 /* Pods-PonyTests.debug.xcconfig */ = {isa = PBXFileReference; includeInIndex = 1; lastKnownFileType = text.xcconfig; name = "Pods-PonyTests.debug.xcconfig"; path = "Pods/Target Support Files/Pods-PonyTests/Pods-PonyTests.debug.xcconfig"; sourceTree = "<group>"; };
		6A2AA0BA5546F10FF43D9C05 /* Pods_PonyTests.framework */ = {isa = PBXFileReference; explicitFileType = wrapper.framework; includeInIndex = 0; path = Pods_PonyTests.framework; sourceTree = BUILT_PRODUCTS_DIR; };
		AD4AD2461299F9BF1D67A1A5 /* Pods.debug.xcconfig */ = {isa = PBXFileReference; includeInIndex = 1; lastKnownFileType = text.xcconfig; name = Pods.debug.xcconfig; path = "Pods/Target Support Files/Pods/Pods.debug.xcconfig"; sourceTree = "<group>"; };
		B11DC015A7EA92371FC36E33 /* Pods-PonyTests.release.xcconfig */ = {isa = PBXFileReference; includeInIndex = 1; lastKnownFileType = text.xcconfig; name = "Pods-PonyTests.release.xcconfig"; path = "Pods/Target Support Files/Pods-PonyTests/Pods-PonyTests.release.xcconfig"; sourceTree = "<group>"; };
		B3D3902CA4ED7D40946D8765 /* PNYTestDelegate.h */ = {isa = PBXFileReference; fileEncoding = 4; lastKnownFileType = sourcecode.c.h; path = PNYTestDelegate.h; sourceTree = "<group>"; };
		B3D3903CF667BDE3D5A4C6B2 /* PNYRestServiceCachedImpl.h */ = {isa = PBXFileReference; fileEncoding = 4; lastKnownFileType = sourcecode.c.h; path = PNYRestServiceCachedImpl.h; sourceTree = "<group>"; };
		B3D3905644D9CA04AB3CA449 /* PNYTestUtils.h */ = {isa = PBXFileReference; fileEncoding = 4; lastKnownFileType = sourcecode.c.h; path = PNYTestUtils.h; sourceTree = "<group>"; };
		B3D39085EABDD6576B6C0549 /* PNYCacheSerializer.h */ = {isa = PBXFileReference; fileEncoding = 4; lastKnownFileType = sourcecode.c.h; path = PNYCacheSerializer.h; sourceTree = "<group>"; };
		B3D390B9485FF4F5F6CA8152 /* PNYRestRequestProxy.m */ = {isa = PBXFileReference; fileEncoding = 4; lastKnownFileType = sourcecode.c.objc; path = PNYRestRequestProxy.m; sourceTree = "<group>"; };
		B3D390E01BCCE78D565E805C /* PNYFileUtils.m */ = {isa = PBXFileReference; fileEncoding = 4; lastKnownFileType = sourcecode.c.objc; path = PNYFileUtils.m; sourceTree = "<group>"; };
		B3D390E7C011934D8D3FFB51 /* PNYAbstractDto.m */ = {isa = PBXFileReference; fileEncoding = 4; lastKnownFileType = sourcecode.c.objc; path = PNYAbstractDto.m; sourceTree = "<group>"; };
		B3D39120FDDF909790FC02ED /* PNYGenreDto.h */ = {isa = PBXFileReference; fileEncoding = 4; lastKnownFileType = sourcecode.c.h; path = PNYGenreDto.h; sourceTree = "<group>"; };
		B3D39121FCFA3A44A15BCE90 /* PNYTokenPairDaoImpl.m */ = {isa = PBXFileReference; fileEncoding = 4; lastKnownFileType = sourcecode.c.objc; path = PNYTokenPairDaoImpl.m; sourceTree = "<group>"; };
		B3D3913CC3DE978561D1E58C /* PNYResponseDto.m */ = {isa = PBXFileReference; fileEncoding = 4; lastKnownFileType = sourcecode.c.objc; path = PNYResponseDto.m; sourceTree = "<group>"; };
		B3D3917B32DD4FC934F11A8F /* PNYLogFormatter.m */ = {isa = PBXFileReference; fileEncoding = 4; lastKnownFileType = sourcecode.c.objc; path = PNYLogFormatter.m; sourceTree = "<group>"; };
		B3D391C9CD2C8F4AE2B13861 /* NSOrderedSet+PNYNSValue.h */ = {isa = PBXFileReference; fileEncoding = 4; lastKnownFileType = sourcecode.c.h; path = "NSOrderedSet+PNYNSValue.h"; sourceTree = "<group>"; };
		B3D391E700BA4413ABC1BC79 /* PNYDictionaryConfigFactory.h */ = {isa = PBXFileReference; fileEncoding = 4; lastKnownFileType = sourcecode.c.h; path = PNYDictionaryConfigFactory.h; sourceTree = "<group>"; };
		B3D391FBCD40EB1F47409605 /* PNYTokenPair.h */ = {isa = PBXFileReference; fileEncoding = 4; lastKnownFileType = sourcecode.c.h; path = PNYTokenPair.h; sourceTree = "<group>"; };
		B3D39210F502A2A733162927 /* NSURLRequest+PNYDump.h */ = {isa = PBXFileReference; fileEncoding = 4; lastKnownFileType = sourcecode.c.h; path = "NSURLRequest+PNYDump.h"; sourceTree = "<group>"; };
		B3D39214D11E62EB323AC7A3 /* PNYStringCacheSerializer.h */ = {isa = PBXFileReference; fileEncoding = 4; lastKnownFileType = sourcecode.c.h; path = PNYStringCacheSerializer.h; sourceTree = "<group>"; };
		B3D3923F576927FB4A4B0A2E /* PNYAlbumSongsDto.h */ = {isa = PBXFileReference; fileEncoding = 4; lastKnownFileType = sourcecode.c.h; path = PNYAlbumSongsDto.h; sourceTree = "<group>"; };
		B3D39245315BAC03366E48C4 /* PNYMappingCacheSerializer.h */ = {isa = PBXFileReference; fileEncoding = 4; lastKnownFileType = sourcecode.c.h; path = PNYMappingCacheSerializer.h; sourceTree = "<group>"; };
		B3D3926FD4A78F7F30BEAF29 /* PNYTestUtils.m */ = {isa = PBXFileReference; fileEncoding = 4; lastKnownFileType = sourcecode.c.objc; path = PNYTestUtils.m; sourceTree = "<group>"; };
		B3D39295EB62CA0B7F5DA4F7 /* PNYAppAssembly.m */ = {isa = PBXFileReference; fileEncoding = 4; lastKnownFileType = sourcecode.c.objc; path = PNYAppAssembly.m; sourceTree = "<group>"; };
		B3D392B68B8B3F9F45827436 /* PNYRestServiceCachedImpl.m */ = {isa = PBXFileReference; fileEncoding = 4; lastKnownFileType = sourcecode.c.objc; path = PNYRestServiceCachedImpl.m; sourceTree = "<group>"; };
		B3D392B9914BE6B21650C1DA /* PNYUrlUtils.h */ = {isa = PBXFileReference; fileEncoding = 4; lastKnownFileType = sourcecode.c.h; path = PNYUrlUtils.h; sourceTree = "<group>"; };
		B3D392D23D3D6B301653E472 /* PNYAuthenticationDto.h */ = {isa = PBXFileReference; fileEncoding = 4; lastKnownFileType = sourcecode.c.h; path = PNYAuthenticationDto.h; sourceTree = "<group>"; };
		B3D392DDC654A8792342E652 /* PNYBootstrapServerConfigController.h */ = {isa = PBXFileReference; fileEncoding = 4; lastKnownFileType = sourcecode.c.h; path = PNYBootstrapServerConfigController.h; sourceTree = "<group>"; };
		B3D392E3F142B25F564E3EE2 /* PNYFileCache.h */ = {isa = PBXFileReference; fileEncoding = 4; lastKnownFileType = sourcecode.c.h; path = PNYFileCache.h; sourceTree = "<group>"; };
		B3D392EF87130A6ACC3EBC9E /* PNYAppAssembly.h */ = {isa = PBXFileReference; fileEncoding = 4; lastKnownFileType = sourcecode.c.h; path = PNYAppAssembly.h; sourceTree = "<group>"; };
		B3D3930A72E05C1C96491112 /* PNYBootstrapLoginConfigController.m */ = {isa = PBXFileReference; fileEncoding = 4; lastKnownFileType = sourcecode.c.objc; path = PNYBootstrapLoginConfigController.m; sourceTree = "<group>"; };
		B3D3930FBAA697968C05AB29 /* PNYKeychainDictionary.h */ = {isa = PBXFileReference; fileEncoding = 4; lastKnownFileType = sourcecode.c.h; path = PNYKeychainDictionary.h; sourceTree = "<group>"; };
		B3D393450BC88E37E3E6ECA9 /* PNYBootstrapChildController.h */ = {isa = PBXFileReference; fileEncoding = 4; lastKnownFileType = sourcecode.c.h; path = PNYBootstrapChildController.h; sourceTree = "<group>"; };
		B3D3937ACFBC5848C0666C06 /* PNYUserDto.h */ = {isa = PBXFileReference; fileEncoding = 4; lastKnownFileType = sourcecode.c.h; path = PNYUserDto.h; sourceTree = "<group>"; };
		B3D3938FC91988B3DEF557D3 /* PNYAlbumSongsDto.m */ = {isa = PBXFileReference; fileEncoding = 4; lastKnownFileType = sourcecode.c.objc; path = PNYAlbumSongsDto.m; sourceTree = "<group>"; };
		B3D393C6740A53B13D9A4243 /* PNYRandomUtils.m */ = {isa = PBXFileReference; fileEncoding = 4; lastKnownFileType = sourcecode.c.objc; path = PNYRandomUtils.m; sourceTree = "<group>"; };
		B3D393F0D842CA29D0810E4A /* PNYDataCacheSerializer.h */ = {isa = PBXFileReference; fileEncoding = 4; lastKnownFileType = sourcecode.c.h; path = PNYDataCacheSerializer.h; sourceTree = "<group>"; };
		B3D394209B75F0CB2AE5A887 /* PNYConfig.h */ = {isa = PBXFileReference; fileEncoding = 4; lastKnownFileType = sourcecode.c.h; path = PNYConfig.h; sourceTree = "<group>"; };
		B3D3944FC134A66B6F70C849 /* PNYLogFormatter.h */ = {isa = PBXFileReference; fileEncoding = 4; lastKnownFileType = sourcecode.c.h; path = PNYLogFormatter.h; sourceTree = "<group>"; };
		B3D3946413EA4200DC4F6BDE /* PNYPlistConfigFactory.m */ = {isa = PBXFileReference; fileEncoding = 4; lastKnownFileType = sourcecode.c.objc; path = PNYPlistConfigFactory.m; sourceTree = "<group>"; };
		B3D3948A806BA97AEE14B1C2 /* PNYMappingCacheSerializer.m */ = {isa = PBXFileReference; fileEncoding = 4; lastKnownFileType = sourcecode.c.objc; path = PNYMappingCacheSerializer.m; sourceTree = "<group>"; };
		B3D394B5E333CBAA50FD8B3A /* PNYResponseDto.h */ = {isa = PBXFileReference; fileEncoding = 4; lastKnownFileType = sourcecode.c.h; path = PNYResponseDto.h; sourceTree = "<group>"; };
		B3D394DCACE1658EDAC1D4BD /* NSURLRequest+PNYDump.m */ = {isa = PBXFileReference; fileEncoding = 4; lastKnownFileType = sourcecode.c.objc; path = "NSURLRequest+PNYDump.m"; sourceTree = "<group>"; };
		B3D394F7D20D1AB9C936A1F1 /* PNYUserSettingsImpl.m */ = {isa = PBXFileReference; fileEncoding = 4; lastKnownFileType = sourcecode.c.objc; path = PNYUserSettingsImpl.m; sourceTree = "<group>"; };
		B3D3950B114B09152BF16269 /* PNYAlertFactory.h */ = {isa = PBXFileReference; fileEncoding = 4; lastKnownFileType = sourcecode.c.h; path = PNYAlertFactory.h; sourceTree = "<group>"; };
		B3D39510C765D9DDF84BD112 /* PNYCredentialsDto.h */ = {isa = PBXFileReference; fileEncoding = 4; lastKnownFileType = sourcecode.c.h; path = PNYCredentialsDto.h; sourceTree = "<group>"; };
		B3D39517F62991554BDA67E4 /* PNYServiceAssembly.h */ = {isa = PBXFileReference; fileEncoding = 4; lastKnownFileType = sourcecode.c.h; path = PNYServiceAssembly.h; sourceTree = "<group>"; };
		B3D3953A37EEDE3BF635FAB6 /* PNYCacheAssembly.m */ = {isa = PBXFileReference; fileEncoding = 4; lastKnownFileType = sourcecode.c.objc; path = PNYCacheAssembly.m; sourceTree = "<group>"; };
		B3D3954FC059A034D092FE4A /* NSMutableOrderedSet+PNYNSValue.h */ = {isa = PBXFileReference; fileEncoding = 4; lastKnownFileType = sourcecode.c.h; path = "NSMutableOrderedSet+PNYNSValue.h"; sourceTree = "<group>"; };
		B3D39585D8BF3E7BB8D47065 /* PNYDtoUtils.h */ = {isa = PBXFileReference; fileEncoding = 4; lastKnownFileType = sourcecode.c.h; path = PNYDtoUtils.h; sourceTree = "<group>"; };
		B3D3958D3F233988C2F49094 /* PNYMainController.m */ = {isa = PBXFileReference; fileEncoding = 4; lastKnownFileType = sourcecode.c.objc; path = PNYMainController.m; sourceTree = "<group>"; };
		B3D395CF25911CE80E4ADB5D /* PNYPlistConfigFactory.h */ = {isa = PBXFileReference; fileEncoding = 4; lastKnownFileType = sourcecode.c.h; path = PNYPlistConfigFactory.h; sourceTree = "<group>"; };
		B3D395F07109A88C4362C9F4 /* PNYRestServiceImpl.m */ = {isa = PBXFileReference; fileEncoding = 4; lastKnownFileType = sourcecode.c.objc; path = PNYRestServiceImpl.m; sourceTree = "<group>"; };
		B3D39627463E0BCDFF58EFF9 /* PNYConfigTests.m */ = {isa = PBXFileReference; fileEncoding = 4; lastKnownFileType = sourcecode.c.objc; path = PNYConfigTests.m; sourceTree = "<group>"; };
		B3D396358D3E2070A4C68830 /* PNYFileUtils.h */ = {isa = PBXFileReference; fileEncoding = 4; lastKnownFileType = sourcecode.c.h; path = PNYFileUtils.h; sourceTree = "<group>"; };
		B3D39645724712A53DD17270 /* PNYGenreDto.m */ = {isa = PBXFileReference; fileEncoding = 4; lastKnownFileType = sourcecode.c.objc; path = PNYGenreDto.m; sourceTree = "<group>"; };
		B3D39657432999E906A1309E /* PNYPersistenceTests.m */ = {isa = PBXFileReference; fileEncoding = 4; lastKnownFileType = sourcecode.c.objc; path = PNYPersistenceTests.m; sourceTree = "<group>"; };
		B3D396582098D9949A432AE4 /* PNYRestServiceLocator.m */ = {isa = PBXFileReference; fileEncoding = 4; lastKnownFileType = sourcecode.c.objc; path = PNYRestServiceLocator.m; sourceTree = "<group>"; };
		B3D3967460C6628E9494BDDF /* PNYErrorDto.h */ = {isa = PBXFileReference; fileEncoding = 4; lastKnownFileType = sourcecode.c.h; path = PNYErrorDto.h; sourceTree = "<group>"; };
		B3D396942BCF3AE4E2FADAF6 /* PNYCredentialsDto.m */ = {isa = PBXFileReference; fileEncoding = 4; lastKnownFileType = sourcecode.c.objc; path = PNYCredentialsDto.m; sourceTree = "<group>"; };
		B3D3969B5D19535C12B57F09 /* PNYRestServiceCached.h */ = {isa = PBXFileReference; fileEncoding = 4; lastKnownFileType = sourcecode.c.h; path = PNYRestServiceCached.h; sourceTree = "<group>"; };
		B3D396A8ED996A57A2112EEC /* PNYTokenPairDaoMock.m */ = {isa = PBXFileReference; fileEncoding = 4; lastKnownFileType = sourcecode.c.objc; path = PNYTokenPairDaoMock.m; sourceTree = "<group>"; };
		B3D396B135DCC7B3776CF9DC /* main.m */ = {isa = PBXFileReference; fileEncoding = 4; lastKnownFileType = sourcecode.c.objc; path = main.m; sourceTree = "<group>"; };
		B3D396B491CE0189A7ACCAF8 /* PNYImageCacheSerializer.m */ = {isa = PBXFileReference; fileEncoding = 4; lastKnownFileType = sourcecode.c.objc; path = PNYImageCacheSerializer.m; sourceTree = "<group>"; };
		B3D39703BA343836CAD9EE01 /* PNYCacheAsync.h */ = {isa = PBXFileReference; fileEncoding = 4; lastKnownFileType = sourcecode.c.h; path = PNYCacheAsync.h; sourceTree = "<group>"; };
		B3D39712F2E561301A479EB0 /* PNYTestPrefix.pch */ = {isa = PBXFileReference; fileEncoding = 4; lastKnownFileType = sourcecode.c.h; path = PNYTestPrefix.pch; sourceTree = "<group>"; };
		B3D3974D00D6FFFFC1A069D5 /* PNYBootstrapLoginConfigController.h */ = {isa = PBXFileReference; fileEncoding = 4; lastKnownFileType = sourcecode.c.h; path = PNYBootstrapLoginConfigController.h; sourceTree = "<group>"; };
		B3D39761ED3DBEADA0EBDD83 /* NSMutableOrderedSet+PNYNSValue.m */ = {isa = PBXFileReference; fileEncoding = 4; lastKnownFileType = sourcecode.c.objc; path = "NSMutableOrderedSet+PNYNSValue.m"; sourceTree = "<group>"; };
		B3D3976E7FB49650A4172719 /* PNYArtistDto.h */ = {isa = PBXFileReference; fileEncoding = 4; lastKnownFileType = sourcecode.c.h; path = PNYArtistDto.h; sourceTree = "<group>"; };
		B3D397734DBC49731296C79E /* PNYBootstrapConfigController.h */ = {isa = PBXFileReference; fileEncoding = 4; lastKnownFileType = sourcecode.c.h; path = PNYBootstrapConfigController.h; sourceTree = "<group>"; };
		B3D397804D6A323876FFD58F /* PNYConfigImpl.h */ = {isa = PBXFileReference; fileEncoding = 4; lastKnownFileType = sourcecode.c.h; path = PNYConfigImpl.h; sourceTree = "<group>"; };
		B3D397A5BD83C072E52C3804 /* PNYTokenPair.m */ = {isa = PBXFileReference; fileEncoding = 4; lastKnownFileType = sourcecode.c.objc; path = PNYTokenPair.m; sourceTree = "<group>"; };
		B3D397B25E6422A0FD46AA88 /* PNYUserSettingsKeys.h */ = {isa = PBXFileReference; fileEncoding = 4; lastKnownFileType = sourcecode.c.h; path = PNYUserSettingsKeys.h; sourceTree = "<group>"; };
		B3D397B6B51BF3F432A4F68F /* PNYCache.h */ = {isa = PBXFileReference; fileEncoding = 4; lastKnownFileType = sourcecode.c.h; path = PNYCache.h; sourceTree = "<group>"; };
		B3D397D7E2ABCDE6BF71B0F7 /* PNYObjectUtils.h */ = {isa = PBXFileReference; fileEncoding = 4; lastKnownFileType = sourcecode.c.h; path = PNYObjectUtils.h; sourceTree = "<group>"; };
		B3D397DEC5BA1F4ED48FB1A6 /* PNYDictionaryConfigFactory.m */ = {isa = PBXFileReference; fileEncoding = 4; lastKnownFileType = sourcecode.c.objc; path = PNYDictionaryConfigFactory.m; sourceTree = "<group>"; };
		B3D397FB46E2C9E7AB39B9AC /* PNYUserSettingsImpl.h */ = {isa = PBXFileReference; fileEncoding = 4; lastKnownFileType = sourcecode.c.h; path = PNYUserSettingsImpl.h; sourceTree = "<group>"; };
		B3D397FE412A297D59D1C93A /* PNYRestServiceLocator.h */ = {isa = PBXFileReference; fileEncoding = 4; lastKnownFileType = sourcecode.c.h; path = PNYRestServiceLocator.h; sourceTree = "<group>"; };
		B3D39813934BF46FF50E1636 /* PNYBootstrapConfigControllerAbstract.m */ = {isa = PBXFileReference; fileEncoding = 4; lastKnownFileType = sourcecode.c.objc; path = PNYBootstrapConfigControllerAbstract.m; sourceTree = "<group>"; };
		B3D398180C62FD23BB66EB69 /* PNYSongDto.h */ = {isa = PBXFileReference; fileEncoding = 4; lastKnownFileType = sourcecode.c.h; path = PNYSongDto.h; sourceTree = "<group>"; };
		B3D398392BDD13D3B2ADFF2E /* PNYStringCacheSerializer.m */ = {isa = PBXFileReference; fileEncoding = 4; lastKnownFileType = sourcecode.c.objc; path = PNYStringCacheSerializer.m; sourceTree = "<group>"; };
		B3D3983C31DEF0E0EBF67386 /* PNYRestRequest.h */ = {isa = PBXFileReference; fileEncoding = 4; lastKnownFileType = sourcecode.c.h; path = PNYRestRequest.h; sourceTree = "<group>"; };
		B3D3983E23171938B94D7370 /* PNYTestCase.h */ = {isa = PBXFileReference; fileEncoding = 4; lastKnownFileType = sourcecode.c.h; path = PNYTestCase.h; sourceTree = "<group>"; };
		B3D3989DA33D43FB64CF9347 /* PNYRestServiceCachedTests.m */ = {isa = PBXFileReference; fileEncoding = 4; lastKnownFileType = sourcecode.c.objc; path = PNYRestServiceCachedTests.m; sourceTree = "<group>"; };
		B3D398CB79E62007AAF0A8D3 /* PNYAlertFactory.m */ = {isa = PBXFileReference; fileEncoding = 4; lastKnownFileType = sourcecode.c.objc; path = PNYAlertFactory.m; sourceTree = "<group>"; };
		B3D3990C5423562FEEE9FCFE /* NSOrderedSet+PNYNSValue.m */ = {isa = PBXFileReference; fileEncoding = 4; lastKnownFileType = sourcecode.c.objc; path = "NSOrderedSet+PNYNSValue.m"; sourceTree = "<group>"; };
		B3D3995600AE5CE23610B184 /* PNYSongDto.m */ = {isa = PBXFileReference; fileEncoding = 4; lastKnownFileType = sourcecode.c.objc; path = PNYSongDto.m; sourceTree = "<group>"; };
		B3D39974FFFFA92B8550ABE9 /* PNYBootstrapRetryController.h */ = {isa = PBXFileReference; fileEncoding = 4; lastKnownFileType = sourcecode.c.h; path = PNYBootstrapRetryController.h; sourceTree = "<group>"; };
		B3D3998E335F6FB0725A8D79 /* PNYRestServiceTests.m */ = {isa = PBXFileReference; fileEncoding = 4; lastKnownFileType = sourcecode.c.objc; path = PNYRestServiceTests.m; sourceTree = "<group>"; };
		B3D39992AAD0D05A7E1DE25E /* PNYMainController.h */ = {isa = PBXFileReference; fileEncoding = 4; lastKnownFileType = sourcecode.c.h; path = PNYMainController.h; sourceTree = "<group>"; };
		B3D399CABB8080FF65C6D07A /* PNYBootstrapRetryController.m */ = {isa = PBXFileReference; fileEncoding = 4; lastKnownFileType = sourcecode.c.objc; path = PNYBootstrapRetryController.m; sourceTree = "<group>"; };
		B3D399CB0BCFEB3C2AAC742D /* PNYRestRequestOperation.h */ = {isa = PBXFileReference; fileEncoding = 4; lastKnownFileType = sourcecode.c.h; path = PNYRestRequestOperation.h; sourceTree = "<group>"; };
		B3D399F75FE4B62BCEBF0C77 /* PNYEventBusTests.m */ = {isa = PBXFileReference; fileEncoding = 4; lastKnownFileType = sourcecode.c.objc; path = PNYEventBusTests.m; sourceTree = "<group>"; };
		B3D39A003FF2BB523D65BC04 /* PNYSongDownloadService.m */ = {isa = PBXFileReference; fileEncoding = 4; lastKnownFileType = sourcecode.c.objc; path = PNYSongDownloadService.m; sourceTree = "<group>"; };
		B3D39A0D694D3F80D694F685 /* PNYBootstrapChildControllerAbstract.m */ = {isa = PBXFileReference; fileEncoding = 4; lastKnownFileType = sourcecode.c.objc; path = PNYBootstrapChildControllerAbstract.m; sourceTree = "<group>"; };
		B3D39A2C51BA3021FF06A858 /* PNYArtistAlbumsDto.m */ = {isa = PBXFileReference; fileEncoding = 4; lastKnownFileType = sourcecode.c.objc; path = PNYArtistAlbumsDto.m; sourceTree = "<group>"; };
		B3D39A2C6FA7A452CD5CCE84 /* PNYBootstrapConfigControllerAbstract.h */ = {isa = PBXFileReference; fileEncoding = 4; lastKnownFileType = sourcecode.c.h; path = PNYBootstrapConfigControllerAbstract.h; sourceTree = "<group>"; };
		B3D39A5B1F9BB3305F2DC36D /* PNYSongDownloadService.h */ = {isa = PBXFileReference; fileEncoding = 4; lastKnownFileType = sourcecode.c.h; path = PNYSongDownloadService.h; sourceTree = "<group>"; };
		B3D39A67E7CF6D1883CEBDB2 /* PNYRestRequestProxy.h */ = {isa = PBXFileReference; fileEncoding = 4; lastKnownFileType = sourcecode.c.h; path = PNYRestRequestProxy.h; sourceTree = "<group>"; };
		B3D39A80D2AE588FB2C838FF /* PNYSegues.h */ = {isa = PBXFileReference; fileEncoding = 4; lastKnownFileType = sourcecode.c.h; path = PNYSegues.h; sourceTree = "<group>"; };
		B3D39A825A804DC3739C917A /* PNYPersistentDictionaryMock.m */ = {isa = PBXFileReference; fileEncoding = 4; lastKnownFileType = sourcecode.c.objc; path = PNYPersistentDictionaryMock.m; sourceTree = "<group>"; };
		B3D39AB4E3AD5FC94BBBE61E /* PNYDtoUtils.m */ = {isa = PBXFileReference; fileEncoding = 4; lastKnownFileType = sourcecode.c.objc; path = PNYDtoUtils.m; sourceTree = "<group>"; };
		B3D39ABFC10B71E0B05A727C /* PNYCacheAsync.m */ = {isa = PBXFileReference; fileEncoding = 4; lastKnownFileType = sourcecode.c.objc; path = PNYCacheAsync.m; sourceTree = "<group>"; };
		B3D39AC908FBC287E5F87F39 /* PNYErrorUtils.h */ = {isa = PBXFileReference; fileEncoding = 4; lastKnownFileType = sourcecode.c.h; path = PNYErrorUtils.h; sourceTree = "<group>"; };
		B3D39ADB94847606F6097CA2 /* PNYEventBusImpl.m */ = {isa = PBXFileReference; fileEncoding = 4; lastKnownFileType = sourcecode.c.objc; path = PNYEventBusImpl.m; sourceTree = "<group>"; };
		B3D39AFC163ABC4CBA0B2E05 /* PNYInstallationDto.h */ = {isa = PBXFileReference; fileEncoding = 4; lastKnownFileType = sourcecode.c.h; path = PNYInstallationDto.h; sourceTree = "<group>"; };
		B3D39B23B543C52D49F6B318 /* PNYRestServiceUrlDao.h */ = {isa = PBXFileReference; fileEncoding = 4; lastKnownFileType = sourcecode.c.h; path = PNYRestServiceUrlDao.h; sourceTree = "<group>"; };
		B3D39B52774F30DC0E0BDB01 /* PNYBootstrapServerConfigController.m */ = {isa = PBXFileReference; fileEncoding = 4; lastKnownFileType = sourcecode.c.objc; path = PNYBootstrapServerConfigController.m; sourceTree = "<group>"; };
		B3D39B728AEA86E900F715B8 /* PNYOfflineOnlyCache.m */ = {isa = PBXFileReference; fileEncoding = 4; lastKnownFileType = sourcecode.c.objc; path = PNYOfflineOnlyCache.m; sourceTree = "<group>"; };
		B3D39B7BBD035AF54C860D0C /* PNYPersistentDictionaryImpl.h */ = {isa = PBXFileReference; fileEncoding = 4; lastKnownFileType = sourcecode.c.h; path = PNYPersistentDictionaryImpl.h; sourceTree = "<group>"; };
		B3D39B840F48F930040DB292 /* PNYAlbumDto.h */ = {isa = PBXFileReference; fileEncoding = 4; lastKnownFileType = sourcecode.c.h; path = PNYAlbumDto.h; sourceTree = "<group>"; };
		B3D39B92B0E5285C8EA985DC /* PNYTokenPairDaoImpl.h */ = {isa = PBXFileReference; fileEncoding = 4; lastKnownFileType = sourcecode.c.h; path = PNYTokenPairDaoImpl.h; sourceTree = "<group>"; };
		B3D39B963F7523C9EC091F52 /* PNYTokenPairDaoMock.h */ = {isa = PBXFileReference; fileEncoding = 4; lastKnownFileType = sourcecode.c.h; path = PNYTokenPairDaoMock.h; sourceTree = "<group>"; };
		B3D39BAE619FFB4CF8E5E5B6 /* PNYArtistDto.m */ = {isa = PBXFileReference; fileEncoding = 4; lastKnownFileType = sourcecode.c.objc; path = PNYArtistDto.m; sourceTree = "<group>"; };
		B3D39BED7E275CA04A22BD27 /* PNYDtoMappingTests.m */ = {isa = PBXFileReference; fileEncoding = 4; lastKnownFileType = sourcecode.c.objc; path = PNYDtoMappingTests.m; sourceTree = "<group>"; };
		B3D39C072125E1E9E864A7CA /* PNYTestDelegate.m */ = {isa = PBXFileReference; fileEncoding = 4; lastKnownFileType = sourcecode.c.objc; path = PNYTestDelegate.m; sourceTree = "<group>"; };
		B3D39C0E7A9941EFFC30B786 /* PNYErrorUtils.m */ = {isa = PBXFileReference; fileEncoding = 4; lastKnownFileType = sourcecode.c.objc; path = PNYErrorUtils.m; sourceTree = "<group>"; };
		B3D39C195F2298B1AC8A3153 /* PNYServiceAssembly.m */ = {isa = PBXFileReference; fileEncoding = 4; lastKnownFileType = sourcecode.c.objc; path = PNYServiceAssembly.m; sourceTree = "<group>"; };
		B3D39C3F3DBF2B4C5E5314B1 /* PNYAlbumDto.m */ = {isa = PBXFileReference; fileEncoding = 4; lastKnownFileType = sourcecode.c.objc; path = PNYAlbumDto.m; sourceTree = "<group>"; };
		B3D39C46280391F871AF8AC5 /* PNYEventBusImpl.h */ = {isa = PBXFileReference; fileEncoding = 4; lastKnownFileType = sourcecode.c.h; path = PNYEventBusImpl.h; sourceTree = "<group>"; };
		B3D39C47A6986A24B825CBF2 /* PNYDataCacheSerializer.m */ = {isa = PBXFileReference; fileEncoding = 4; lastKnownFileType = sourcecode.c.objc; path = PNYDataCacheSerializer.m; sourceTree = "<group>"; };
		B3D39C5FDCFE9928DFC486D3 /* PNYPersistentDictionaryImpl.m */ = {isa = PBXFileReference; fileEncoding = 4; lastKnownFileType = sourcecode.c.objc; path = PNYPersistentDictionaryImpl.m; sourceTree = "<group>"; };
		B3D39C6C63B323380D02C073 /* PNYUserSettingsTests.m */ = {isa = PBXFileReference; fileEncoding = 4; lastKnownFileType = sourcecode.c.objc; path = PNYUserSettingsTests.m; sourceTree = "<group>"; };
		B3D39C74956E2BE72679D0EF /* PNYUtilityAssembly.h */ = {isa = PBXFileReference; fileEncoding = 4; lastKnownFileType = sourcecode.c.h; path = PNYUtilityAssembly.h; sourceTree = "<group>"; };
		B3D39CBEC04ACB7665C72B8B /* PNYUserDto.m */ = {isa = PBXFileReference; fileEncoding = 4; lastKnownFileType = sourcecode.c.objc; path = PNYUserDto.m; sourceTree = "<group>"; };
		B3D39D082263320F729003B2 /* PNYBootstrapChildControllerAbstract.h */ = {isa = PBXFileReference; fileEncoding = 4; lastKnownFileType = sourcecode.c.h; path = PNYBootstrapChildControllerAbstract.h; sourceTree = "<group>"; };
		B3D39D1752DD21473DB8AB7E /* PNYUtilityAssembly.m */ = {isa = PBXFileReference; fileEncoding = 4; lastKnownFileType = sourcecode.c.objc; path = PNYUtilityAssembly.m; sourceTree = "<group>"; };
		B3D39D198F830E735BD87D8E /* PNYAuthenticationService.h */ = {isa = PBXFileReference; fileEncoding = 4; lastKnownFileType = sourcecode.c.h; path = PNYAuthenticationService.h; sourceTree = "<group>"; };
		B3D39D1A20E5292BFA617B46 /* PNYAbstractDto.h */ = {isa = PBXFileReference; fileEncoding = 4; lastKnownFileType = sourcecode.c.h; path = PNYAbstractDto.h; sourceTree = "<group>"; };
		B3D39D2D0B3D471BF0D75B07 /* PNYBootstrapService.h */ = {isa = PBXFileReference; fileEncoding = 4; lastKnownFileType = sourcecode.c.h; path = PNYBootstrapService.h; sourceTree = "<group>"; };
		B3D39D32D60D119B223B9A37 /* PNYOfflineOnlyCache.h */ = {isa = PBXFileReference; fileEncoding = 4; lastKnownFileType = sourcecode.c.h; path = PNYOfflineOnlyCache.h; sourceTree = "<group>"; };
		B3D39D332FB4E5A8F27951AA /* PNYUserSettings.h */ = {isa = PBXFileReference; fileEncoding = 4; lastKnownFileType = sourcecode.c.h; path = PNYUserSettings.h; sourceTree = "<group>"; };
		B3D39D3A285A7D8227D5F1E0 /* PNYTokenPairDao.h */ = {isa = PBXFileReference; fileEncoding = 4; lastKnownFileType = sourcecode.c.h; path = PNYTokenPairDao.h; sourceTree = "<group>"; };
		B3D39D47F9A73E3FA1DE02DD /* PNYBootstrapController.m */ = {isa = PBXFileReference; fileEncoding = 4; lastKnownFileType = sourcecode.c.objc; path = PNYBootstrapController.m; sourceTree = "<group>"; };
		B3D39D52DE3620669D2A7D08 /* PNYCacheAssembly.h */ = {isa = PBXFileReference; fileEncoding = 4; lastKnownFileType = sourcecode.c.h; path = PNYCacheAssembly.h; sourceTree = "<group>"; };
		B3D39D932971B10FF713DC4C /* PNYInstallationDto.m */ = {isa = PBXFileReference; fileEncoding = 4; lastKnownFileType = sourcecode.c.objc; path = PNYInstallationDto.m; sourceTree = "<group>"; };
		B3D39DA0A98E4CAC9BF9C012 /* PNYKeychainDictionary.m */ = {isa = PBXFileReference; fileEncoding = 4; lastKnownFileType = sourcecode.c.objc; path = PNYKeychainDictionary.m; sourceTree = "<group>"; };
		B3D39DBFC193CDBE0028A17A /* PNYRestServiceImpl.h */ = {isa = PBXFileReference; fileEncoding = 4; lastKnownFileType = sourcecode.c.h; path = PNYRestServiceImpl.h; sourceTree = "<group>"; };
		B3D39DCB3A7DAB9E11F40B08 /* PNYAuthenticationDto.m */ = {isa = PBXFileReference; fileEncoding = 4; lastKnownFileType = sourcecode.c.objc; path = PNYAuthenticationDto.m; sourceTree = "<group>"; };
		B3D39DEEA0BB3E6C58BA30B6 /* PNYUrlUtils.m */ = {isa = PBXFileReference; fileEncoding = 4; lastKnownFileType = sourcecode.c.objc; path = PNYUrlUtils.m; sourceTree = "<group>"; };
		B3D39DFCD24FAA94DC21436A /* PNYEvent.m */ = {isa = PBXFileReference; fileEncoding = 4; lastKnownFileType = sourcecode.c.objc; path = PNYEvent.m; sourceTree = "<group>"; };
		B3D39E012D5199AAB1966EC9 /* PNYRestResponseSerializer.m */ = {isa = PBXFileReference; fileEncoding = 4; lastKnownFileType = sourcecode.c.objc; path = PNYRestResponseSerializer.m; sourceTree = "<group>"; };
		B3D39E070E51874195F809FF /* PNYMemoryCache.m */ = {isa = PBXFileReference; fileEncoding = 4; lastKnownFileType = sourcecode.c.objc; path = PNYMemoryCache.m; sourceTree = "<group>"; };
		B3D39E109AE1D7063F7A838F /* PNYArtistAlbumsDto.h */ = {isa = PBXFileReference; fileEncoding = 4; lastKnownFileType = sourcecode.c.h; path = PNYArtistAlbumsDto.h; sourceTree = "<group>"; };
		B3D39E2EE718F3BB85150559 /* PNYCacheTests.m */ = {isa = PBXFileReference; fileEncoding = 4; lastKnownFileType = sourcecode.c.objc; path = PNYCacheTests.m; sourceTree = "<group>"; };
		B3D39E409C0690922D7570B4 /* PNYEvent.h */ = {isa = PBXFileReference; fileEncoding = 4; lastKnownFileType = sourcecode.c.h; path = PNYEvent.h; sourceTree = "<group>"; };
		B3D39E565D2F1E2821D97D74 /* PNYRestRequestOperation.m */ = {isa = PBXFileReference; fileEncoding = 4; lastKnownFileType = sourcecode.c.objc; path = PNYRestRequestOperation.m; sourceTree = "<group>"; };
		B3D39E8374414C848F16E718 /* PNYObjectUtils.m */ = {isa = PBXFileReference; fileEncoding = 4; lastKnownFileType = sourcecode.c.objc; path = PNYObjectUtils.m; sourceTree = "<group>"; };
		B3D39E8B8729D1830070FF15 /* PNYEventBus.h */ = {isa = PBXFileReference; fileEncoding = 4; lastKnownFileType = sourcecode.c.h; path = PNYEventBus.h; sourceTree = "<group>"; };
		B3D39E9230C109403DF13A22 /* PNYBootstrapService.m */ = {isa = PBXFileReference; fileEncoding = 4; lastKnownFileType = sourcecode.c.objc; path = PNYBootstrapService.m; sourceTree = "<group>"; };
		B3D39E976BF72F88852899BB /* PNYRestService.h */ = {isa = PBXFileReference; fileEncoding = 4; lastKnownFileType = sourcecode.c.h; path = PNYRestService.h; sourceTree = "<group>"; };
		B3D39E9BFA75C5FF5B9C8C10 /* PNYRestResponseSerializer.h */ = {isa = PBXFileReference; fileEncoding = 4; lastKnownFileType = sourcecode.c.h; path = PNYRestResponseSerializer.h; sourceTree = "<group>"; };
		B3D39EBA42B8FCD5362C67A2 /* PNYPersistentDictionary.h */ = {isa = PBXFileReference; fileEncoding = 4; lastKnownFileType = sourcecode.c.h; path = PNYPersistentDictionary.h; sourceTree = "<group>"; };
		B3D39EC7B5C197E3F8C0A736 /* PNYSongDownloadServiceTests.m */ = {isa = PBXFileReference; fileEncoding = 4; lastKnownFileType = sourcecode.c.objc; path = PNYSongDownloadServiceTests.m; sourceTree = "<group>"; };
		B3D39ECF099A49159AEA672C /* PNYMacros.h */ = {isa = PBXFileReference; fileEncoding = 4; lastKnownFileType = sourcecode.c.h; path = PNYMacros.h; sourceTree = "<group>"; };
		B3D39ED46006B6A282D47CF2 /* PNYFileCache.m */ = {isa = PBXFileReference; fileEncoding = 4; lastKnownFileType = sourcecode.c.objc; path = PNYFileCache.m; sourceTree = "<group>"; };
		B3D39ED659EE7866A88142B3 /* PNYAuthenticationService.m */ = {isa = PBXFileReference; fileEncoding = 4; lastKnownFileType = sourcecode.c.objc; path = PNYAuthenticationService.m; sourceTree = "<group>"; };
		B3D39EE4FB10DF6542CA3E22 /* PNYRestServiceUrlDaoImpl.m */ = {isa = PBXFileReference; fileEncoding = 4; lastKnownFileType = sourcecode.c.objc; path = PNYRestServiceUrlDaoImpl.m; sourceTree = "<group>"; };
		B3D39F04F1FCCBA262298C5B /* PNYBootstrapConfigControllerAbstract+Protected.h */ = {isa = PBXFileReference; fileEncoding = 4; lastKnownFileType = sourcecode.c.h; path = "PNYBootstrapConfigControllerAbstract+Protected.h"; sourceTree = "<group>"; };
		B3D39F0E608DF4AEA607BF32 /* PNYPersistentDictionaryMock.h */ = {isa = PBXFileReference; fileEncoding = 4; lastKnownFileType = sourcecode.c.h; path = PNYPersistentDictionaryMock.h; sourceTree = "<group>"; };
		B3D39F113A4FF3718432753E /* PNYErrorDto.m */ = {isa = PBXFileReference; fileEncoding = 4; lastKnownFileType = sourcecode.c.objc; path = PNYErrorDto.m; sourceTree = "<group>"; };
		B3D39F13DCCBB3957E490D32 /* PNYRestServiceUrlDaoImpl.h */ = {isa = PBXFileReference; fileEncoding = 4; lastKnownFileType = sourcecode.c.h; path = PNYRestServiceUrlDaoImpl.h; sourceTree = "<group>"; };
		B3D39F1593801327C22AE206 /* PNYBootstrapChildControllerAbstract+Protected.h */ = {isa = PBXFileReference; fileEncoding = 4; lastKnownFileType = sourcecode.c.h; path = "PNYBootstrapChildControllerAbstract+Protected.h"; sourceTree = "<group>"; };
		B3D39F1B66BB8D70F284C783 /* PNYImageCacheSerializer.h */ = {isa = PBXFileReference; fileEncoding = 4; lastKnownFileType = sourcecode.c.h; path = PNYImageCacheSerializer.h; sourceTree = "<group>"; };
		B3D39F2DF2AC670996725553 /* PNYConfigImpl.m */ = {isa = PBXFileReference; fileEncoding = 4; lastKnownFileType = sourcecode.c.objc; path = PNYConfigImpl.m; sourceTree = "<group>"; };
		B3D39F2EFFF5E1BC8985602F /* PNYRandomUtils.h */ = {isa = PBXFileReference; fileEncoding = 4; lastKnownFileType = sourcecode.c.h; path = PNYRandomUtils.h; sourceTree = "<group>"; };
		B3D39F33F8A2DC7E5E2AED4C /* Config.plist */ = {isa = PBXFileReference; fileEncoding = 4; lastKnownFileType = text.plist; path = Config.plist; sourceTree = "<group>"; };
		B3D39F419FA74F77D4E37E83 /* PNYBootstrapController.h */ = {isa = PBXFileReference; fileEncoding = 4; lastKnownFileType = sourcecode.c.h; path = PNYBootstrapController.h; sourceTree = "<group>"; };
		B3D39F62CD510A6792FD34EE /* PNYRestTokens.h */ = {isa = PBXFileReference; fileEncoding = 4; lastKnownFileType = sourcecode.c.h; path = PNYRestTokens.h; sourceTree = "<group>"; };
		B3D39F9037CF0E65542335D4 /* PNYPrefix.pch */ = {isa = PBXFileReference; fileEncoding = 4; lastKnownFileType = sourcecode.c.h; path = PNYPrefix.pch; sourceTree = "<group>"; };
		B3D39FDFCBA3AEB05ECBE92D /* PNYTestCase.m */ = {isa = PBXFileReference; fileEncoding = 4; lastKnownFileType = sourcecode.c.objc; path = PNYTestCase.m; sourceTree = "<group>"; };
		B3D39FF19391F1368BDE4F00 /* PNYMemoryCache.h */ = {isa = PBXFileReference; fileEncoding = 4; lastKnownFileType = sourcecode.c.h; path = PNYMemoryCache.h; sourceTree = "<group>"; };
		BE7939B284CFACA2296CE1E2 /* Pods.framework */ = {isa = PBXFileReference; explicitFileType = wrapper.framework; includeInIndex = 0; path = Pods.framework; sourceTree = BUILT_PRODUCTS_DIR; };
/* End PBXFileReference section */

/* Begin PBXFrameworksBuildPhase section */
		268126D41BCA781500728EFF /* Frameworks */ = {
			isa = PBXFrameworksBuildPhase;
			buildActionMask = 2147483647;
			files = (
				776BB7EE5590D184E09A544F /* Pods.framework in Frameworks */,
			);
			runOnlyForDeploymentPostprocessing = 0;
		};
		268126ED1BCA781500728EFF /* Frameworks */ = {
			isa = PBXFrameworksBuildPhase;
			buildActionMask = 2147483647;
			files = (
				497BC14B3AFD619B1D48086C /* Pods_PonyTests.framework in Frameworks */,
			);
			runOnlyForDeploymentPostprocessing = 0;
		};
/* End PBXFrameworksBuildPhase section */

/* Begin PBXGroup section */
		1B5BE1C476B52E5E43666951 /* Frameworks */ = {
			isa = PBXGroup;
			children = (
				BE7939B284CFACA2296CE1E2 /* Pods.framework */,
				6A2AA0BA5546F10FF43D9C05 /* Pods_PonyTests.framework */,
			);
			name = Frameworks;
			sourceTree = "<group>";
		};
		268126CE1BCA781500728EFF = {
			isa = PBXGroup;
			children = (
				268126D91BCA781500728EFF /* Pony */,
				268126F31BCA781500728EFF /* PonyTests */,
				1B5BE1C476B52E5E43666951 /* Frameworks */,
				CC9F9B4FDAAC5D0FFC4E4AF5 /* Pods */,
				268126D81BCA781500728EFF /* Products */,
			);
			sourceTree = "<group>";
		};
		268126D81BCA781500728EFF /* Products */ = {
			isa = PBXGroup;
			children = (
				268126D71BCA781500728EFF /* Pony.app */,
				268126F01BCA781500728EFF /* PonyTests.xctest */,
			);
			name = Products;
			sourceTree = "<group>";
		};
		268126D91BCA781500728EFF /* Pony */ = {
			isa = PBXGroup;
			children = (
				B3D398343FD2A4434A58068F /* Assembly */,
				B3D392F3E4F9480C6A4E0E57 /* Common */,
				B3D3977190A30DFB5D7757CC /* Model */,
				B3D391B398A6D54ABCCA845C /* Resources */,
				B3D395BD825BDB9CE67D09C7 /* Services */,
				B3D3901B4791EB838CF953AF /* UI */,
				B3D396B135DCC7B3776CF9DC /* main.m */,
				268126DD1BCA781500728EFF /* PNYAppDelegate.h */,
				268126DE1BCA781500728EFF /* PNYAppDelegate.m */,
				B3D39F9037CF0E65542335D4 /* PNYPrefix.pch */,
			);
			path = Pony;
			sourceTree = "<group>";
		};
		268126F31BCA781500728EFF /* PonyTests */ = {
			isa = PBXGroup;
			children = (
				B3D390F4F45430CC988EF10C /* Common */,
				B3D39EF7CE61550B7430B921 /* Resources */,
				B3D39C79C3F1ED800E2A2D33 /* Tests */,
				B3D3902CA4ED7D40946D8765 /* PNYTestDelegate.h */,
				B3D39C072125E1E9E864A7CA /* PNYTestDelegate.m */,
				B3D39712F2E561301A479EB0 /* PNYTestPrefix.pch */,
			);
			path = PonyTests;
			sourceTree = "<group>";
		};
		26A10E701BCA82AC00C63AD8 /* Storyboards */ = {
			isa = PBXGroup;
			children = (
				26A10E711BCA82AC00C63AD8 /* LaunchScreen.storyboard */,
				26A10E721BCA82AC00C63AD8 /* Bootstrap.storyboard */,
				2665E0961BF77D6A002A067A /* Main.storyboard */,
			);
			path = Storyboards;
			sourceTree = "<group>";
		};
		26A10E751BCA82FD00C63AD8 /* Localization */ = {
			isa = PBXGroup;
			children = (
				26A10E7A1BCA830800C63AD8 /* Localizable.strings */,
			);
			path = Localization;
			sourceTree = "<group>";
		};
		B3D3901B4791EB838CF953AF /* UI */ = {
			isa = PBXGroup;
			children = (
				B3D393B65C4F0EF9B615ACAB /* Bootstrap */,
				B3D397235B4104BD1F18465F /* Common */,
				B3D39F419FA74F77D4E37E83 /* PNYBootstrapController.h */,
				B3D39D47F9A73E3FA1DE02DD /* PNYBootstrapController.m */,
				B3D39A80D2AE588FB2C838FF /* PNYSegues.h */,
				B3D3958D3F233988C2F49094 /* PNYMainController.m */,
				B3D39992AAD0D05A7E1DE25E /* PNYMainController.h */,
			);
			path = UI;
			sourceTree = "<group>";
		};
		B3D39020ED3364726090209A /* Rest */ = {
			isa = PBXGroup;
			children = (
				B3D3983C31DEF0E0EBF67386 /* PNYRestRequest.h */,
				B3D399CB0BCFEB3C2AAC742D /* PNYRestRequestOperation.h */,
				B3D39E565D2F1E2821D97D74 /* PNYRestRequestOperation.m */,
				B3D39A67E7CF6D1883CEBDB2 /* PNYRestRequestProxy.h */,
				B3D390B9485FF4F5F6CA8152 /* PNYRestRequestProxy.m */,
				B3D39E9BFA75C5FF5B9C8C10 /* PNYRestResponseSerializer.h */,
				B3D39E012D5199AAB1966EC9 /* PNYRestResponseSerializer.m */,
				B3D39E976BF72F88852899BB /* PNYRestService.h */,
				B3D3969B5D19535C12B57F09 /* PNYRestServiceCached.h */,
				B3D3903CF667BDE3D5A4C6B2 /* PNYRestServiceCachedImpl.h */,
				B3D392B68B8B3F9F45827436 /* PNYRestServiceCachedImpl.m */,
				B3D39DBFC193CDBE0028A17A /* PNYRestServiceImpl.h */,
				B3D395F07109A88C4362C9F4 /* PNYRestServiceImpl.m */,
				B3D39F62CD510A6792FD34EE /* PNYRestTokens.h */,
			);
			path = Rest;
			sourceTree = "<group>";
		};
		B3D390F4F45430CC988EF10C /* Common */ = {
			isa = PBXGroup;
			children = (
				B3D3983E23171938B94D7370 /* PNYTestCase.h */,
				B3D39FDFCBA3AEB05ECBE92D /* PNYTestCase.m */,
				B3D3905644D9CA04AB3CA449 /* PNYTestUtils.h */,
				B3D3926FD4A78F7F30BEAF29 /* PNYTestUtils.m */,
				B3D39B963F7523C9EC091F52 /* PNYTokenPairDaoMock.h */,
				B3D396A8ED996A57A2112EEC /* PNYTokenPairDaoMock.m */,
			);
			path = Common;
			sourceTree = "<group>";
		};
		B3D391B398A6D54ABCCA845C /* Resources */ = {
			isa = PBXGroup;
			children = (
				26A10E751BCA82FD00C63AD8 /* Localization */,
				26A10E701BCA82AC00C63AD8 /* Storyboards */,
				26A10E6A1BCA806D00C63AD8 /* Assets.xcassets */,
				26A10E6C1BCA807F00C63AD8 /* Info.plist */,
				B3D39F33F8A2DC7E5E2AED4C /* Config.plist */,
			);
			path = Resources;
			sourceTree = "<group>";
		};
		B3D392F3E4F9480C6A4E0E57 /* Common */ = {
			isa = PBXGroup;
			children = (
				B3D397625117AD4D1A2C984B /* Cache */,
				B3D397BAB370104ABB1C4170 /* Config */,
				B3D39E94328F5BA87536221C /* EventBus */,
				B3D39A60C41929F8762F4524 /* Logging */,
				B3D39BCA4C873EBB3971BE58 /* Persistence */,
				B3D3938AB8882B54FBC8BD85 /* UserSettings */,
				B3D3954F1645ECF00AA7E2A8 /* Utility */,
			);
			path = Common;
			sourceTree = "<group>";
		};
		B3D3938AB8882B54FBC8BD85 /* UserSettings */ = {
			isa = PBXGroup;
			children = (
				B3D39D332FB4E5A8F27951AA /* PNYUserSettings.h */,
				B3D397FB46E2C9E7AB39B9AC /* PNYUserSettingsImpl.h */,
				B3D394F7D20D1AB9C936A1F1 /* PNYUserSettingsImpl.m */,
			);
			path = UserSettings;
			sourceTree = "<group>";
		};
		B3D393B65C4F0EF9B615ACAB /* Bootstrap */ = {
			isa = PBXGroup;
			children = (
				B3D393450BC88E37E3E6ECA9 /* PNYBootstrapChildController.h */,
				B3D39D082263320F729003B2 /* PNYBootstrapChildControllerAbstract.h */,
				B3D39A0D694D3F80D694F685 /* PNYBootstrapChildControllerAbstract.m */,
				B3D39F1593801327C22AE206 /* PNYBootstrapChildControllerAbstract+Protected.h */,
				B3D397734DBC49731296C79E /* PNYBootstrapConfigController.h */,
				B3D39A2C6FA7A452CD5CCE84 /* PNYBootstrapConfigControllerAbstract.h */,
				B3D39813934BF46FF50E1636 /* PNYBootstrapConfigControllerAbstract.m */,
				B3D39F04F1FCCBA262298C5B /* PNYBootstrapConfigControllerAbstract+Protected.h */,
				B3D3974D00D6FFFFC1A069D5 /* PNYBootstrapLoginConfigController.h */,
				B3D3930A72E05C1C96491112 /* PNYBootstrapLoginConfigController.m */,
				B3D39974FFFFA92B8550ABE9 /* PNYBootstrapRetryController.h */,
				B3D399CABB8080FF65C6D07A /* PNYBootstrapRetryController.m */,
				B3D392DDC654A8792342E652 /* PNYBootstrapServerConfigController.h */,
				B3D39B52774F30DC0E0BDB01 /* PNYBootstrapServerConfigController.m */,
			);
			path = Bootstrap;
			sourceTree = "<group>";
		};
		B3D3954F1645ECF00AA7E2A8 /* Utility */ = {
			isa = PBXGroup;
			children = (
				B3D3954FC059A034D092FE4A /* NSMutableOrderedSet+PNYNSValue.h */,
				B3D39761ED3DBEADA0EBDD83 /* NSMutableOrderedSet+PNYNSValue.m */,
				B3D391C9CD2C8F4AE2B13861 /* NSOrderedSet+PNYNSValue.h */,
				B3D3990C5423562FEEE9FCFE /* NSOrderedSet+PNYNSValue.m */,
				B3D39210F502A2A733162927 /* NSURLRequest+PNYDump.h */,
				B3D394DCACE1658EDAC1D4BD /* NSURLRequest+PNYDump.m */,
				B3D39AC908FBC287E5F87F39 /* PNYErrorUtils.h */,
				B3D39C0E7A9941EFFC30B786 /* PNYErrorUtils.m */,
				B3D396358D3E2070A4C68830 /* PNYFileUtils.h */,
				B3D390E01BCCE78D565E805C /* PNYFileUtils.m */,
				B3D39ECF099A49159AEA672C /* PNYMacros.h */,
				B3D397D7E2ABCDE6BF71B0F7 /* PNYObjectUtils.h */,
				B3D39E8374414C848F16E718 /* PNYObjectUtils.m */,
				B3D39F2EFFF5E1BC8985602F /* PNYRandomUtils.h */,
				B3D393C6740A53B13D9A4243 /* PNYRandomUtils.m */,
				B3D392B9914BE6B21650C1DA /* PNYUrlUtils.h */,
				B3D39DEEA0BB3E6C58BA30B6 /* PNYUrlUtils.m */,
			);
			path = Utility;
			sourceTree = "<group>";
		};
		B3D395BD825BDB9CE67D09C7 /* Services */ = {
			isa = PBXGroup;
			children = (
				B3D39020ED3364726090209A /* Rest */,
				B3D39D198F830E735BD87D8E /* PNYAuthenticationService.h */,
				B3D39ED659EE7866A88142B3 /* PNYAuthenticationService.m */,
				B3D39D2D0B3D471BF0D75B07 /* PNYBootstrapService.h */,
				B3D39E9230C109403DF13A22 /* PNYBootstrapService.m */,
				B3D39B269AC73B487ECDD2A0 /* Dao */,
				B3D396582098D9949A432AE4 /* PNYRestServiceLocator.m */,
				B3D397FE412A297D59D1C93A /* PNYRestServiceLocator.h */,
				B3D39A003FF2BB523D65BC04 /* PNYSongDownloadService.m */,
				B3D39A5B1F9BB3305F2DC36D /* PNYSongDownloadService.h */,
			);
			path = Services;
			sourceTree = "<group>";
		};
		B3D397235B4104BD1F18465F /* Common */ = {
			isa = PBXGroup;
			children = (
				B3D3950B114B09152BF16269 /* PNYAlertFactory.h */,
				B3D398CB79E62007AAF0A8D3 /* PNYAlertFactory.m */,
			);
			path = Common;
			sourceTree = "<group>";
		};
		B3D397595F13977268CED296 /* Rest */ = {
			isa = PBXGroup;
			children = (
				B3D39D1A20E5292BFA617B46 /* PNYAbstractDto.h */,
				B3D390E7C011934D8D3FFB51 /* PNYAbstractDto.m */,
				B3D39B840F48F930040DB292 /* PNYAlbumDto.h */,
				B3D39C3F3DBF2B4C5E5314B1 /* PNYAlbumDto.m */,
				B3D3923F576927FB4A4B0A2E /* PNYAlbumSongsDto.h */,
				B3D3938FC91988B3DEF557D3 /* PNYAlbumSongsDto.m */,
				B3D39E109AE1D7063F7A838F /* PNYArtistAlbumsDto.h */,
				B3D39A2C51BA3021FF06A858 /* PNYArtistAlbumsDto.m */,
				B3D3976E7FB49650A4172719 /* PNYArtistDto.h */,
				B3D39BAE619FFB4CF8E5E5B6 /* PNYArtistDto.m */,
				B3D392D23D3D6B301653E472 /* PNYAuthenticationDto.h */,
				B3D39DCB3A7DAB9E11F40B08 /* PNYAuthenticationDto.m */,
				B3D39510C765D9DDF84BD112 /* PNYCredentialsDto.h */,
				B3D396942BCF3AE4E2FADAF6 /* PNYCredentialsDto.m */,
				B3D39585D8BF3E7BB8D47065 /* PNYDtoUtils.h */,
				B3D39AB4E3AD5FC94BBBE61E /* PNYDtoUtils.m */,
				B3D3967460C6628E9494BDDF /* PNYErrorDto.h */,
				B3D39F113A4FF3718432753E /* PNYErrorDto.m */,
				B3D39120FDDF909790FC02ED /* PNYGenreDto.h */,
				B3D39645724712A53DD17270 /* PNYGenreDto.m */,
				B3D39AFC163ABC4CBA0B2E05 /* PNYInstallationDto.h */,
				B3D39D932971B10FF713DC4C /* PNYInstallationDto.m */,
				B3D394B5E333CBAA50FD8B3A /* PNYResponseDto.h */,
				B3D3913CC3DE978561D1E58C /* PNYResponseDto.m */,
				B3D398180C62FD23BB66EB69 /* PNYSongDto.h */,
				B3D3995600AE5CE23610B184 /* PNYSongDto.m */,
				B3D3937ACFBC5848C0666C06 /* PNYUserDto.h */,
				B3D39CBEC04ACB7665C72B8B /* PNYUserDto.m */,
			);
			path = Rest;
			sourceTree = "<group>";
		};
		B3D397625117AD4D1A2C984B /* Cache */ = {
			isa = PBXGroup;
			children = (
				B3D39E6C507148AAAB12C1A7 /* Serializer */,
				B3D397B6B51BF3F432A4F68F /* PNYCache.h */,
				B3D39703BA343836CAD9EE01 /* PNYCacheAsync.h */,
				B3D39ABFC10B71E0B05A727C /* PNYCacheAsync.m */,
				B3D392E3F142B25F564E3EE2 /* PNYFileCache.h */,
				B3D39ED46006B6A282D47CF2 /* PNYFileCache.m */,
				B3D39085EABDD6576B6C0549 /* PNYCacheSerializer.h */,
				B3D39FF19391F1368BDE4F00 /* PNYMemoryCache.h */,
				B3D39E070E51874195F809FF /* PNYMemoryCache.m */,
				B3D39D32D60D119B223B9A37 /* PNYOfflineOnlyCache.h */,
				B3D39B728AEA86E900F715B8 /* PNYOfflineOnlyCache.m */,
			);
			path = Cache;
			sourceTree = "<group>";
		};
		B3D3977190A30DFB5D7757CC /* Model */ = {
			isa = PBXGroup;
			children = (
				B3D397595F13977268CED296 /* Rest */,
				B3D397A5BD83C072E52C3804 /* PNYTokenPair.m */,
				B3D391FBCD40EB1F47409605 /* PNYTokenPair.h */,
				B3D397B25E6422A0FD46AA88 /* PNYUserSettingsKeys.h */,
			);
			path = Model;
			sourceTree = "<group>";
		};
		B3D397BAB370104ABB1C4170 /* Config */ = {
			isa = PBXGroup;
			children = (
				B3D394209B75F0CB2AE5A887 /* PNYConfig.h */,
				B3D397804D6A323876FFD58F /* PNYConfigImpl.h */,
				B3D39F2DF2AC670996725553 /* PNYConfigImpl.m */,
				B3D39F43EC5AB2527A3B9677 /* Factory */,
			);
			path = Config;
			sourceTree = "<group>";
		};
		B3D398343FD2A4434A58068F /* Assembly */ = {
			isa = PBXGroup;
			children = (
				B3D392EF87130A6ACC3EBC9E /* PNYAppAssembly.h */,
				B3D39295EB62CA0B7F5DA4F7 /* PNYAppAssembly.m */,
				B3D39D52DE3620669D2A7D08 /* PNYCacheAssembly.h */,
				B3D3953A37EEDE3BF635FAB6 /* PNYCacheAssembly.m */,
				B3D39517F62991554BDA67E4 /* PNYServiceAssembly.h */,
				B3D39C195F2298B1AC8A3153 /* PNYServiceAssembly.m */,
				B3D39C74956E2BE72679D0EF /* PNYUtilityAssembly.h */,
				B3D39D1752DD21473DB8AB7E /* PNYUtilityAssembly.m */,
			);
			path = Assembly;
			sourceTree = "<group>";
		};
		B3D39A60C41929F8762F4524 /* Logging */ = {
			isa = PBXGroup;
			children = (
				B3D3944FC134A66B6F70C849 /* PNYLogFormatter.h */,
				B3D3917B32DD4FC934F11A8F /* PNYLogFormatter.m */,
			);
			path = Logging;
			sourceTree = "<group>";
		};
		B3D39B269AC73B487ECDD2A0 /* Dao */ = {
			isa = PBXGroup;
			children = (
				B3D39121FCFA3A44A15BCE90 /* PNYTokenPairDaoImpl.m */,
				B3D39F13DCCBB3957E490D32 /* PNYRestServiceUrlDaoImpl.h */,
				B3D39B92B0E5285C8EA985DC /* PNYTokenPairDaoImpl.h */,
				B3D39EE4FB10DF6542CA3E22 /* PNYRestServiceUrlDaoImpl.m */,
				B3D39D3A285A7D8227D5F1E0 /* PNYTokenPairDao.h */,
				B3D39B23B543C52D49F6B318 /* PNYRestServiceUrlDao.h */,
			);
			path = Dao;
			sourceTree = "<group>";
		};
		B3D39BCA4C873EBB3971BE58 /* Persistence */ = {
			isa = PBXGroup;
			children = (
				B3D3930FBAA697968C05AB29 /* PNYKeychainDictionary.h */,
				B3D39DA0A98E4CAC9BF9C012 /* PNYKeychainDictionary.m */,
				B3D39EBA42B8FCD5362C67A2 /* PNYPersistentDictionary.h */,
				B3D39B7BBD035AF54C860D0C /* PNYPersistentDictionaryImpl.h */,
				B3D39C5FDCFE9928DFC486D3 /* PNYPersistentDictionaryImpl.m */,
				B3D39A825A804DC3739C917A /* PNYPersistentDictionaryMock.m */,
				B3D39F0E608DF4AEA607BF32 /* PNYPersistentDictionaryMock.h */,
			);
			path = Persistence;
			sourceTree = "<group>";
		};
		B3D39C79C3F1ED800E2A2D33 /* Tests */ = {
			isa = PBXGroup;
			children = (
				B3D39E2EE718F3BB85150559 /* PNYCacheTests.m */,
				B3D39627463E0BCDFF58EFF9 /* PNYConfigTests.m */,
				B3D39BED7E275CA04A22BD27 /* PNYDtoMappingTests.m */,
				B3D399F75FE4B62BCEBF0C77 /* PNYEventBusTests.m */,
				B3D39657432999E906A1309E /* PNYPersistenceTests.m */,
				B3D3989DA33D43FB64CF9347 /* PNYRestServiceCachedTests.m */,
				B3D3998E335F6FB0725A8D79 /* PNYRestServiceTests.m */,
				B3D39C6C63B323380D02C073 /* PNYUserSettingsTests.m */,
				B3D39EC7B5C197E3F8C0A736 /* PNYSongDownloadServiceTests.m */,
			);
			path = Tests;
			sourceTree = "<group>";
		};
		B3D39E6C507148AAAB12C1A7 /* Serializer */ = {
			isa = PBXGroup;
			children = (
				B3D39F1B66BB8D70F284C783 /* PNYImageCacheSerializer.h */,
				B3D39C47A6986A24B825CBF2 /* PNYDataCacheSerializer.m */,
				B3D398392BDD13D3B2ADFF2E /* PNYStringCacheSerializer.m */,
				B3D3948A806BA97AEE14B1C2 /* PNYMappingCacheSerializer.m */,
				B3D396B491CE0189A7ACCAF8 /* PNYImageCacheSerializer.m */,
				B3D39245315BAC03366E48C4 /* PNYMappingCacheSerializer.h */,
				B3D39214D11E62EB323AC7A3 /* PNYStringCacheSerializer.h */,
				B3D393F0D842CA29D0810E4A /* PNYDataCacheSerializer.h */,
			);
			path = Serializer;
			sourceTree = "<group>";
		};
		B3D39E94328F5BA87536221C /* EventBus */ = {
			isa = PBXGroup;
			children = (
				B3D39E409C0690922D7570B4 /* PNYEvent.h */,
				B3D39DFCD24FAA94DC21436A /* PNYEvent.m */,
				B3D39C46280391F871AF8AC5 /* PNYEventBusImpl.h */,
				B3D39ADB94847606F6097CA2 /* PNYEventBusImpl.m */,
				B3D39E8B8729D1830070FF15 /* PNYEventBus.h */,
			);
			path = EventBus;
			sourceTree = "<group>";
		};
		B3D39EF7CE61550B7430B921 /* Resources */ = {
			isa = PBXGroup;
			children = (
				26A10E6D1BCA80B200C63AD8 /* Info.plist */,
			);
			path = Resources;
			sourceTree = "<group>";
		};
		B3D39F43EC5AB2527A3B9677 /* Factory */ = {
			isa = PBXGroup;
			children = (
				B3D397DEC5BA1F4ED48FB1A6 /* PNYDictionaryConfigFactory.m */,
				B3D395CF25911CE80E4ADB5D /* PNYPlistConfigFactory.h */,
				B3D3946413EA4200DC4F6BDE /* PNYPlistConfigFactory.m */,
				B3D391E700BA4413ABC1BC79 /* PNYDictionaryConfigFactory.h */,
			);
			path = Factory;
			sourceTree = "<group>";
		};
		CC9F9B4FDAAC5D0FFC4E4AF5 /* Pods */ = {
			isa = PBXGroup;
			children = (
				AD4AD2461299F9BF1D67A1A5 /* Pods.debug.xcconfig */,
				50218CE241D7C1D9AE5640D1 /* Pods.release.xcconfig */,
				58FF68CD2205C6F16F439131 /* Pods-PonyTests.debug.xcconfig */,
				B11DC015A7EA92371FC36E33 /* Pods-PonyTests.release.xcconfig */,
			);
			name = Pods;
			sourceTree = "<group>";
		};
/* End PBXGroup section */

/* Begin PBXNativeTarget section */
		268126D61BCA781500728EFF /* Pony */ = {
			isa = PBXNativeTarget;
			buildConfigurationList = 268126F91BCA781500728EFF /* Build configuration list for PBXNativeTarget "Pony" */;
			buildPhases = (
				89067F4A6851D1256F0FFA50 /* Check Pods Manifest.lock */,
				268126D31BCA781500728EFF /* Sources */,
				268126D41BCA781500728EFF /* Frameworks */,
				268126D51BCA781500728EFF /* Resources */,
				ACBA83BF845110A1B6F3282A /* Embed Pods Frameworks */,
				B1D3AE8C27616268F03026B3 /* Copy Pods Resources */,
			);
			buildRules = (
			);
			dependencies = (
			);
			name = Pony;
			productName = Pony;
			productReference = 268126D71BCA781500728EFF /* Pony.app */;
			productType = "com.apple.product-type.application";
		};
		268126EF1BCA781500728EFF /* PonyTests */ = {
			isa = PBXNativeTarget;
			buildConfigurationList = 268126FC1BCA781500728EFF /* Build configuration list for PBXNativeTarget "PonyTests" */;
			buildPhases = (
				79EF6858BE5083CF98E3020C /* Check Pods Manifest.lock */,
				268126EC1BCA781500728EFF /* Sources */,
				268126ED1BCA781500728EFF /* Frameworks */,
				268126EE1BCA781500728EFF /* Resources */,
				C3E0C477E2D40045B979E377 /* Embed Pods Frameworks */,
				CD6D19E0EE7547FCA29983A4 /* Copy Pods Resources */,
			);
			buildRules = (
			);
			dependencies = (
				268126F21BCA781500728EFF /* PBXTargetDependency */,
			);
			name = PonyTests;
			productName = PonyTests;
			productReference = 268126F01BCA781500728EFF /* PonyTests.xctest */;
			productType = "com.apple.product-type.bundle.unit-test";
		};
/* End PBXNativeTarget section */

/* Begin PBXProject section */
		268126CF1BCA781500728EFF /* Project object */ = {
			isa = PBXProject;
			attributes = {
				LastUpgradeCheck = 0700;
				ORGANIZATIONNAME = "Denis Dorokhov";
				TargetAttributes = {
					268126D61BCA781500728EFF = {
						CreatedOnToolsVersion = 7.0.1;
					};
					268126EF1BCA781500728EFF = {
						CreatedOnToolsVersion = 7.0.1;
						TestTargetID = 268126D61BCA781500728EFF;
					};
				};
			};
			buildConfigurationList = 268126D21BCA781500728EFF /* Build configuration list for PBXProject "Pony" */;
			compatibilityVersion = "Xcode 3.2";
			developmentRegion = English;
			hasScannedForEncodings = 0;
			knownRegions = (
				en,
				Base,
			);
			mainGroup = 268126CE1BCA781500728EFF;
			productRefGroup = 268126D81BCA781500728EFF /* Products */;
			projectDirPath = "";
			projectRoot = "";
			targets = (
				268126D61BCA781500728EFF /* Pony */,
				268126EF1BCA781500728EFF /* PonyTests */,
			);
		};
/* End PBXProject section */

/* Begin PBXResourcesBuildPhase section */
		268126D51BCA781500728EFF /* Resources */ = {
			isa = PBXResourcesBuildPhase;
			buildActionMask = 2147483647;
			files = (
				2665E0971BF77D6A002A067A /* Main.storyboard in Resources */,
				26A10E741BCA82AC00C63AD8 /* Bootstrap.storyboard in Resources */,
				26A10E781BCA830800C63AD8 /* Localizable.strings in Resources */,
				26A10E6B1BCA806D00C63AD8 /* Assets.xcassets in Resources */,
				26A10E731BCA82AC00C63AD8 /* LaunchScreen.storyboard in Resources */,
				B3D39C5ED9582036AE99D520 /* Config.plist in Resources */,
			);
			runOnlyForDeploymentPostprocessing = 0;
		};
		268126EE1BCA781500728EFF /* Resources */ = {
			isa = PBXResourcesBuildPhase;
			buildActionMask = 2147483647;
			files = (
			);
			runOnlyForDeploymentPostprocessing = 0;
		};
/* End PBXResourcesBuildPhase section */

/* Begin PBXShellScriptBuildPhase section */
		79EF6858BE5083CF98E3020C /* Check Pods Manifest.lock */ = {
			isa = PBXShellScriptBuildPhase;
			buildActionMask = 2147483647;
			files = (
			);
			inputPaths = (
			);
			name = "Check Pods Manifest.lock";
			outputPaths = (
			);
			runOnlyForDeploymentPostprocessing = 0;
			shellPath = /bin/sh;
			shellScript = "diff \"${PODS_ROOT}/../Podfile.lock\" \"${PODS_ROOT}/Manifest.lock\" > /dev/null\nif [[ $? != 0 ]] ; then\n    cat << EOM\nerror: The sandbox is not in sync with the Podfile.lock. Run 'pod install' or update your CocoaPods installation.\nEOM\n    exit 1\nfi\n";
			showEnvVarsInLog = 0;
		};
		89067F4A6851D1256F0FFA50 /* Check Pods Manifest.lock */ = {
			isa = PBXShellScriptBuildPhase;
			buildActionMask = 2147483647;
			files = (
			);
			inputPaths = (
			);
			name = "Check Pods Manifest.lock";
			outputPaths = (
			);
			runOnlyForDeploymentPostprocessing = 0;
			shellPath = /bin/sh;
			shellScript = "diff \"${PODS_ROOT}/../Podfile.lock\" \"${PODS_ROOT}/Manifest.lock\" > /dev/null\nif [[ $? != 0 ]] ; then\n    cat << EOM\nerror: The sandbox is not in sync with the Podfile.lock. Run 'pod install' or update your CocoaPods installation.\nEOM\n    exit 1\nfi\n";
			showEnvVarsInLog = 0;
		};
		ACBA83BF845110A1B6F3282A /* Embed Pods Frameworks */ = {
			isa = PBXShellScriptBuildPhase;
			buildActionMask = 2147483647;
			files = (
			);
			inputPaths = (
			);
			name = "Embed Pods Frameworks";
			outputPaths = (
			);
			runOnlyForDeploymentPostprocessing = 0;
			shellPath = /bin/sh;
			shellScript = "\"${SRCROOT}/Pods/Target Support Files/Pods/Pods-frameworks.sh\"\n";
			showEnvVarsInLog = 0;
		};
		B1D3AE8C27616268F03026B3 /* Copy Pods Resources */ = {
			isa = PBXShellScriptBuildPhase;
			buildActionMask = 2147483647;
			files = (
			);
			inputPaths = (
			);
			name = "Copy Pods Resources";
			outputPaths = (
			);
			runOnlyForDeploymentPostprocessing = 0;
			shellPath = /bin/sh;
			shellScript = "\"${SRCROOT}/Pods/Target Support Files/Pods/Pods-resources.sh\"\n";
			showEnvVarsInLog = 0;
		};
		C3E0C477E2D40045B979E377 /* Embed Pods Frameworks */ = {
			isa = PBXShellScriptBuildPhase;
			buildActionMask = 2147483647;
			files = (
			);
			inputPaths = (
			);
			name = "Embed Pods Frameworks";
			outputPaths = (
			);
			runOnlyForDeploymentPostprocessing = 0;
			shellPath = /bin/sh;
			shellScript = "\"${SRCROOT}/Pods/Target Support Files/Pods-PonyTests/Pods-PonyTests-frameworks.sh\"\n";
			showEnvVarsInLog = 0;
		};
		CD6D19E0EE7547FCA29983A4 /* Copy Pods Resources */ = {
			isa = PBXShellScriptBuildPhase;
			buildActionMask = 2147483647;
			files = (
			);
			inputPaths = (
			);
			name = "Copy Pods Resources";
			outputPaths = (
			);
			runOnlyForDeploymentPostprocessing = 0;
			shellPath = /bin/sh;
			shellScript = "\"${SRCROOT}/Pods/Target Support Files/Pods-PonyTests/Pods-PonyTests-resources.sh\"\n";
			showEnvVarsInLog = 0;
		};
/* End PBXShellScriptBuildPhase section */

/* Begin PBXSourcesBuildPhase section */
		268126D31BCA781500728EFF /* Sources */ = {
			isa = PBXSourcesBuildPhase;
			buildActionMask = 2147483647;
			files = (
				268126DF1BCA781500728EFF /* PNYAppDelegate.m in Sources */,
				268797ED1BCA8FDF0050724B /* PNYTestDelegate.m in Sources */,
				B3D3949B5F1688A30FFFBBCE /* main.m in Sources */,
				B3D397DE59BB8D0115C71378 /* PNYEventBusImpl.m in Sources */,
				B3D393D0E128DB4EFD1949ED /* PNYEvent.m in Sources */,
				B3D39C3436205E1B9DF072CD /* PNYConfigImpl.m in Sources */,
				B3D394ECE385B3396C5C0EC0 /* PNYPersistentDictionaryImpl.m in Sources */,
				B3D395C67CF9E85900649DBA /* PNYKeychainDictionary.m in Sources */,
				B3D3931FE77742252EEFF483 /* PNYLogFormatter.m in Sources */,
				B3D39B9B1E207F311B4E2A71 /* PNYRandomUtils.m in Sources */,
				B3D394ACDEE4428FECF890E9 /* PNYFileUtils.m in Sources */,
				B3D39602C1CABDD315453C2D /* PNYUserSettingsImpl.m in Sources */,
				B3D393F5FAF67041B527CD36 /* NSOrderedSet+PNYNSValue.m in Sources */,
				B3D39A69666F3997EDE92A3F /* NSMutableOrderedSet+PNYNSValue.m in Sources */,
				B3D3926EFEA289477996E0BC /* PNYBootstrapController.m in Sources */,
				B3D39FF22972BA59AEC4D92C /* PNYObjectUtils.m in Sources */,
				B3D3970B04957A2769F21BED /* PNYSongDto.m in Sources */,
				B3D398C01C78946833D5FD5A /* PNYAlbumDto.m in Sources */,
				B3D39D8FEBA810A64B1408C5 /* PNYResponseDto.m in Sources */,
				B3D397E63BDBCBC9A2C4EEAC /* PNYUserDto.m in Sources */,
				B3D39162FD5DF01A51EDEFCC /* PNYArtistDto.m in Sources */,
				B3D3965AEA13D4324151E635 /* PNYArtistAlbumsDto.m in Sources */,
				B3D3929569A627186EA565F1 /* PNYCredentialsDto.m in Sources */,
				B3D39BFA2E9F872C0A88FC75 /* PNYAlbumSongsDto.m in Sources */,
				B3D39D736A745C1D78BF4E8C /* PNYInstallationDto.m in Sources */,
				B3D39FAA1CD20225F53D2E8B /* PNYErrorDto.m in Sources */,
				B3D39AE060F5127626F3D05F /* PNYAuthenticationDto.m in Sources */,
				B3D3931D2E28D609946DCB2E /* PNYAbstractDto.m in Sources */,
				B3D39A5FC3D1C90DDA1C35EF /* PNYGenreDto.m in Sources */,
				B3D394CFE21DF27B0E70ED60 /* PNYRestRequestOperation.m in Sources */,
				B3D39CB6A2ABBC0F469E6DC4 /* PNYTokenPair.m in Sources */,
				B3D390A54750435BD3319095 /* PNYRestServiceImpl.m in Sources */,
				B3D3966117014DD824574DAA /* PNYRestResponseSerializer.m in Sources */,
				B3D39619C3D114479685A568 /* PNYUrlUtils.m in Sources */,
				B3D3902286B75DF12386E41C /* PNYErrorUtils.m in Sources */,
				B3D39631FC96270B19C247A8 /* PNYDtoUtils.m in Sources */,
				B3D39BCB40786C5E31A4EB8F /* PNYCacheAsync.m in Sources */,
				B3D39EF1DC1EB0B828614D72 /* PNYFileCache.m in Sources */,
				B3D393DF0D4406896A4333D4 /* PNYRestServiceCachedImpl.m in Sources */,
				B3D398C643AACD1EF33CBB51 /* PNYRestRequestProxy.m in Sources */,
				B3D3995BF4C83F58AD42CE45 /* PNYOfflineOnlyCache.m in Sources */,
				B3D399D573BEC50B65C4DA0C /* PNYMemoryCache.m in Sources */,
				B3D399F424D846D2BD86492F /* PNYDataCacheSerializer.m in Sources */,
				B3D395C049DDF57A6F5DD870 /* PNYStringCacheSerializer.m in Sources */,
				B3D39790DC74035F184E8E0B /* PNYMappingCacheSerializer.m in Sources */,
				B3D39025C59A4483DC8D78A7 /* PNYImageCacheSerializer.m in Sources */,
				B3D39A21A17B1EB82E8F59A2 /* PNYAuthenticationService.m in Sources */,
				B3D395CC11F8AF777B31D502 /* PNYBootstrapService.m in Sources */,
				B3D397F2FAA1CF075C46C19D /* NSURLRequest+PNYDump.m in Sources */,
				B3D39EAA54CDB8D9FCAE44BC /* PNYDictionaryConfigFactory.m in Sources */,
				B3D39F4C23480726884CE890 /* PNYPlistConfigFactory.m in Sources */,
				B3D39E8374F51BBA77D20DBC /* PNYServiceAssembly.m in Sources */,
				B3D39E6BFA837DB80775685A /* PNYCacheAssembly.m in Sources */,
				B3D393496FFACD4234706C92 /* PNYAppAssembly.m in Sources */,
				B3D39060B66CC3B380598914 /* PNYUtilityAssembly.m in Sources */,
				B3D392A2F979902D3ADE7212 /* PNYBootstrapServerConfigController.m in Sources */,
				B3D39727412D37D4A95ACDA6 /* PNYBootstrapLoginConfigController.m in Sources */,
				B3D39BBE65B5C04363EEC7A2 /* PNYTokenPairDaoImpl.m in Sources */,
				B3D399E9F19438A154E738BD /* PNYRestServiceUrlDaoImpl.m in Sources */,
				B3D391903066A9E63767E212 /* PNYBootstrapRetryController.m in Sources */,
				B3D39074E9C71C9B5DF98391 /* PNYBootstrapConfigControllerAbstract.m in Sources */,
				B3D392D2C1D7F56926F20383 /* PNYAlertFactory.m in Sources */,
				B3D398C5F25D434865D90582 /* PNYMainController.m in Sources */,
				B3D39F9BDD1B98D3D2264656 /* PNYBootstrapChildControllerAbstract.m in Sources */,
				B3D391EAFBFAA1CCAD909FF7 /* PNYRestServiceLocator.m in Sources */,
				B3D39B58BD70D2E1CC54FBAC /* PNYSongDownloadService.m in Sources */,
				B3D39B9CCCEB5D1BCFA9C1AB /* PNYPersistentDictionaryMock.m in Sources */,
			);
			runOnlyForDeploymentPostprocessing = 0;
		};
		268126EC1BCA781500728EFF /* Sources */ = {
			isa = PBXSourcesBuildPhase;
			buildActionMask = 2147483647;
			files = (
				B3D3940FFEAA6B07165AC4CB /* PNYTestUtils.m in Sources */,
				B3D393A78581E501C3A2CAC2 /* PNYTestCase.m in Sources */,
				B3D39ECE55F828F906B1F55C /* PNYConfigTests.m in Sources */,
				B3D39C645277D2B3F3A2A5E5 /* PNYPersistenceTests.m in Sources */,
				B3D39DCE86C17A35147D594A /* PNYCacheTests.m in Sources */,
				B3D3994D4EE1AC0D1908D9C7 /* PNYEventBusTests.m in Sources */,
				B3D39D0DDCED0E6C3285ACBC /* PNYUserSettingsTests.m in Sources */,
				B3D39C2DB78EDC8495B5A415 /* PNYDtoMappingTests.m in Sources */,
				B3D39EEA629D93D32FEF4C40 /* PNYRestServiceTests.m in Sources */,
				B3D397E1F73EA7F90B944694 /* PNYTokenPairDaoMock.m in Sources */,
				B3D3952B86A984F40CDB2A77 /* PNYRestServiceCachedTests.m in Sources */,
				B3D39C0E0ED34FFEC3CB776A /* PNYSongDownloadServiceTests.m in Sources */,
			);
			runOnlyForDeploymentPostprocessing = 0;
		};
/* End PBXSourcesBuildPhase section */

/* Begin PBXTargetDependency section */
		268126F21BCA781500728EFF /* PBXTargetDependency */ = {
			isa = PBXTargetDependency;
			target = 268126D61BCA781500728EFF /* Pony */;
			targetProxy = 268126F11BCA781500728EFF /* PBXContainerItemProxy */;
		};
/* End PBXTargetDependency section */

/* Begin PBXVariantGroup section */
		26A10E7A1BCA830800C63AD8 /* Localizable.strings */ = {
			isa = PBXVariantGroup;
			children = (
				26A10E791BCA830800C63AD8 /* Base */,
			);
			name = Localizable.strings;
			sourceTree = "<group>";
		};
/* End PBXVariantGroup section */

/* Begin XCBuildConfiguration section */
		268126F71BCA781500728EFF /* Debug */ = {
			isa = XCBuildConfiguration;
			buildSettings = {
				ALWAYS_SEARCH_USER_PATHS = NO;
				CLANG_CXX_LANGUAGE_STANDARD = "gnu++0x";
				CLANG_CXX_LIBRARY = "libc++";
				CLANG_ENABLE_MODULES = YES;
				CLANG_ENABLE_OBJC_ARC = YES;
				CLANG_WARN_BOOL_CONVERSION = YES;
				CLANG_WARN_CONSTANT_CONVERSION = YES;
				CLANG_WARN_DIRECT_OBJC_ISA_USAGE = YES_ERROR;
				CLANG_WARN_EMPTY_BODY = YES;
				CLANG_WARN_ENUM_CONVERSION = YES;
				CLANG_WARN_INT_CONVERSION = YES;
				CLANG_WARN_OBJC_ROOT_CLASS = YES_ERROR;
				CLANG_WARN_UNREACHABLE_CODE = YES;
				CLANG_WARN__DUPLICATE_METHOD_MATCH = YES;
				CODE_SIGN_IDENTITY = "iPhone Developer";
				COPY_PHASE_STRIP = NO;
				DEBUG_INFORMATION_FORMAT = dwarf;
				ENABLE_STRICT_OBJC_MSGSEND = YES;
				ENABLE_TESTABILITY = YES;
				GCC_C_LANGUAGE_STANDARD = gnu99;
				GCC_DYNAMIC_NO_PIC = NO;
				GCC_NO_COMMON_BLOCKS = YES;
				GCC_OPTIMIZATION_LEVEL = 0;
				GCC_PREFIX_HEADER = Pony/PNYPrefix.pch;
				GCC_PREPROCESSOR_DEFINITIONS = (
					"$(inherited)",
					"DEBUG=1",
					HC_SHORTHAND,
					MOCKITO_SHORTHAND,
					"DD_LEGACY_MACROS=0",
				);
				GCC_WARN_64_TO_32_BIT_CONVERSION = YES;
				GCC_WARN_ABOUT_RETURN_TYPE = YES_ERROR;
				GCC_WARN_UNDECLARED_SELECTOR = YES;
				GCC_WARN_UNINITIALIZED_AUTOS = YES_AGGRESSIVE;
				GCC_WARN_UNUSED_FUNCTION = YES;
				GCC_WARN_UNUSED_VARIABLE = YES;
				IPHONEOS_DEPLOYMENT_TARGET = 8.0;
				MTL_ENABLE_DEBUG_INFO = YES;
				ONLY_ACTIVE_ARCH = YES;
				SDKROOT = iphoneos;
				TARGETED_DEVICE_FAMILY = "1,2";
			};
			name = Debug;
		};
		268126F81BCA781500728EFF /* Release */ = {
			isa = XCBuildConfiguration;
			buildSettings = {
				ALWAYS_SEARCH_USER_PATHS = NO;
				CLANG_CXX_LANGUAGE_STANDARD = "gnu++0x";
				CLANG_CXX_LIBRARY = "libc++";
				CLANG_ENABLE_MODULES = YES;
				CLANG_ENABLE_OBJC_ARC = YES;
				CLANG_WARN_BOOL_CONVERSION = YES;
				CLANG_WARN_CONSTANT_CONVERSION = YES;
				CLANG_WARN_DIRECT_OBJC_ISA_USAGE = YES_ERROR;
				CLANG_WARN_EMPTY_BODY = YES;
				CLANG_WARN_ENUM_CONVERSION = YES;
				CLANG_WARN_INT_CONVERSION = YES;
				CLANG_WARN_OBJC_ROOT_CLASS = YES_ERROR;
				CLANG_WARN_UNREACHABLE_CODE = YES;
				CLANG_WARN__DUPLICATE_METHOD_MATCH = YES;
				CODE_SIGN_IDENTITY = "iPhone Developer";
				COPY_PHASE_STRIP = NO;
				DEBUG_INFORMATION_FORMAT = "dwarf-with-dsym";
				ENABLE_NS_ASSERTIONS = NO;
				ENABLE_STRICT_OBJC_MSGSEND = YES;
				GCC_C_LANGUAGE_STANDARD = gnu99;
				GCC_NO_COMMON_BLOCKS = YES;
				GCC_PREFIX_HEADER = Pony/PNYPrefix.pch;
				GCC_PREPROCESSOR_DEFINITIONS = (
					"$(inherited)",
					HC_SHORTHAND,
					MOCKITO_SHORTHAND,
					"DD_LEGACY_MACROS=0",
				);
				GCC_WARN_64_TO_32_BIT_CONVERSION = YES;
				GCC_WARN_ABOUT_RETURN_TYPE = YES_ERROR;
				GCC_WARN_UNDECLARED_SELECTOR = YES;
				GCC_WARN_UNINITIALIZED_AUTOS = YES_AGGRESSIVE;
				GCC_WARN_UNUSED_FUNCTION = YES;
				GCC_WARN_UNUSED_VARIABLE = YES;
				IPHONEOS_DEPLOYMENT_TARGET = 8.0;
				MTL_ENABLE_DEBUG_INFO = NO;
				SDKROOT = iphoneos;
				TARGETED_DEVICE_FAMILY = "1,2";
				VALIDATE_PRODUCT = YES;
			};
			name = Release;
		};
		268126FA1BCA781500728EFF /* Debug */ = {
			isa = XCBuildConfiguration;
			baseConfigurationReference = AD4AD2461299F9BF1D67A1A5 /* Pods.debug.xcconfig */;
			buildSettings = {
				ASSETCATALOG_COMPILER_APPICON_NAME = AppIcon;
				INFOPLIST_FILE = Pony/Resources/Info.plist;
				LD_RUNPATH_SEARCH_PATHS = "$(inherited) @executable_path/Frameworks";
				PRODUCT_BUNDLE_IDENTIFIER = net.dorokhov.pony;
				PRODUCT_NAME = "$(TARGET_NAME)";
			};
			name = Debug;
		};
		268126FB1BCA781500728EFF /* Release */ = {
			isa = XCBuildConfiguration;
			baseConfigurationReference = 50218CE241D7C1D9AE5640D1 /* Pods.release.xcconfig */;
			buildSettings = {
				ASSETCATALOG_COMPILER_APPICON_NAME = AppIcon;
				INFOPLIST_FILE = Pony/Resources/Info.plist;
				LD_RUNPATH_SEARCH_PATHS = "$(inherited) @executable_path/Frameworks";
				PRODUCT_BUNDLE_IDENTIFIER = net.dorokhov.pony;
				PRODUCT_NAME = "$(TARGET_NAME)";
			};
			name = Release;
		};
		268126FD1BCA781500728EFF /* Debug */ = {
			isa = XCBuildConfiguration;
			baseConfigurationReference = 58FF68CD2205C6F16F439131 /* Pods-PonyTests.debug.xcconfig */;
			buildSettings = {
				BUNDLE_LOADER = "$(TEST_HOST)";
				GCC_PREFIX_HEADER = PonyTests/PNYTestPrefix.pch;
				GCC_PREPROCESSOR_DEFINITIONS = (
					"$(inherited)",
					"COCOAPODS=1",
					"LOG_ASYNC_ENABLED=NO",
				);
				INFOPLIST_FILE = PonyTests/Resources/Info.plist;
				LD_RUNPATH_SEARCH_PATHS = "$(inherited) @executable_path/Frameworks @loader_path/Frameworks";
				PRODUCT_BUNDLE_IDENTIFIER = net.dorokhov.ponyTests;
				PRODUCT_NAME = "$(TARGET_NAME)";
				TEST_HOST = "$(BUILT_PRODUCTS_DIR)/Pony.app/Pony";
			};
			name = Debug;
		};
		268126FE1BCA781500728EFF /* Release */ = {
			isa = XCBuildConfiguration;
			baseConfigurationReference = B11DC015A7EA92371FC36E33 /* Pods-PonyTests.release.xcconfig */;
			buildSettings = {
				BUNDLE_LOADER = "$(TEST_HOST)";
				GCC_PREFIX_HEADER = PonyTests/PNYTestPrefix.pch;
				GCC_PREPROCESSOR_DEFINITIONS = (
					"$(inherited)",
					"COCOAPODS=1",
					"LOG_ASYNC_ENABLED=NO",
				);
				INFOPLIST_FILE = PonyTests/Resources/Info.plist;
				LD_RUNPATH_SEARCH_PATHS = "$(inherited) @executable_path/Frameworks @loader_path/Frameworks";
				PRODUCT_BUNDLE_IDENTIFIER = net.dorokhov.ponyTests;
				PRODUCT_NAME = "$(TARGET_NAME)";
				TEST_HOST = "$(BUILT_PRODUCTS_DIR)/Pony.app/Pony";
			};
			name = Release;
		};
/* End XCBuildConfiguration section */

/* Begin XCConfigurationList section */
		268126D21BCA781500728EFF /* Build configuration list for PBXProject "Pony" */ = {
			isa = XCConfigurationList;
			buildConfigurations = (
				268126F71BCA781500728EFF /* Debug */,
				268126F81BCA781500728EFF /* Release */,
			);
			defaultConfigurationIsVisible = 0;
			defaultConfigurationName = Release;
		};
		268126F91BCA781500728EFF /* Build configuration list for PBXNativeTarget "Pony" */ = {
			isa = XCConfigurationList;
			buildConfigurations = (
				268126FA1BCA781500728EFF /* Debug */,
				268126FB1BCA781500728EFF /* Release */,
			);
			defaultConfigurationIsVisible = 0;
			defaultConfigurationName = Release;
		};
		268126FC1BCA781500728EFF /* Build configuration list for PBXNativeTarget "PonyTests" */ = {
			isa = XCConfigurationList;
			buildConfigurations = (
				268126FD1BCA781500728EFF /* Debug */,
				268126FE1BCA781500728EFF /* Release */,
			);
			defaultConfigurationIsVisible = 0;
			defaultConfigurationName = Release;
		};
/* End XCConfigurationList section */
	};
	rootObject = 268126CF1BCA781500728EFF /* Project object */;
}
